
Microsoft Visual Studio Solution File, Format Version 12.00
# Visual Studio 2013
VisualStudioVersion = 12.0.21005.1
MinimumVisualStudioVersion = 10.0.40219.1
Project("{FAE04EC0-301F-11D3-BF4B-00C04F79EFBC}") = "Class Work", "Class Work\Class Work.csproj", "{626DE1C1-4C37-4B7D-808F-35A704C14F7A}"
	ProjectSection(ProjectDependencies) = postProject
		{588126B1-1145-4DF8-8585-310A51CB3057} = {588126B1-1145-4DF8-8585-310A51CB3057}
		{7F695ACB-F6D5-4918-A893-78BC81257536} = {7F695ACB-F6D5-4918-A893-78BC81257536}
	EndProjectSection
EndProject
Project("{FAE04EC0-301F-11D3-BF4B-00C04F79EFBC}") = "Content", "Content\Content.contentproj", "{A964060B-BFB0-441B-8409-573F0915D0F5}"
EndProject
Project("{FAE04EC0-301F-11D3-BF4B-00C04F79EFBC}") = "Assets", "Assets\Assets.csproj", "{588126B1-1145-4DF8-8585-310A51CB3057}"
EndProject
Project("{FAE04EC0-301F-11D3-BF4B-00C04F79EFBC}") = "Game Engine", "Game Engine\Game Engine.csproj", "{7F695ACB-F6D5-4918-A893-78BC81257536}"
EndProject
Project("{FAE04EC0-301F-11D3-BF4B-00C04F79EFBC}") = "Lab 01", "Lab 01\Lab 01.csproj", "{43196223-6222-4E54-B4E2-672C27E8A811}"
	ProjectSection(ProjectDependencies) = postProject
		{588126B1-1145-4DF8-8585-310A51CB3057} = {588126B1-1145-4DF8-8585-310A51CB3057}
	EndProjectSection
EndProject
Project("{FAE04EC0-301F-11D3-BF4B-00C04F79EFBC}") = "Lab 02", "Lab 02\Lab 02.csproj", "{FC875B0D-4DD5-4E77-8AFB-CF4EA30971BA}"
	ProjectSection(ProjectDependencies) = postProject
		{588126B1-1145-4DF8-8585-310A51CB3057} = {588126B1-1145-4DF8-8585-310A51CB3057}
	EndProjectSection
EndProject
Project("{FAE04EC0-301F-11D3-BF4B-00C04F79EFBC}") = "Assignment 1", "Assignment 1\Assignment 1.csproj", "{B5E18BE6-5E9D-4195-A4F9-692958BE8934}"
	ProjectSection(ProjectDependencies) = postProject
		{588126B1-1145-4DF8-8585-310A51CB3057} = {588126B1-1145-4DF8-8585-310A51CB3057}
	EndProjectSection
EndProject
Project("{FAE04EC0-301F-11D3-BF4B-00C04F79EFBC}") = "Lab 03", "Lab 03\Lab 03.csproj", "{20F7C738-49E7-40E5-9626-1B2B4BE097BB}"
	ProjectSection(ProjectDependencies) = postProject
		{588126B1-1145-4DF8-8585-310A51CB3057} = {588126B1-1145-4DF8-8585-310A51CB3057}
	EndProjectSection
EndProject
Project("{FAE04EC0-301F-11D3-BF4B-00C04F79EFBC}") = "Lab 04", "Lab 04\Lab 04.csproj", "{03B309CF-CAC1-43FB-9988-4B609B8411FE}"
	ProjectSection(ProjectDependencies) = postProject
		{588126B1-1145-4DF8-8585-310A51CB3057} = {588126B1-1145-4DF8-8585-310A51CB3057}
	EndProjectSection
EndProject
Project("{FAE04EC0-301F-11D3-BF4B-00C04F79EFBC}") = "Lab 05", "Lab 05\Lab 05.csproj", "{73BD9E0F-2A18-4FAA-B0E9-21B0726B99F3}"
	ProjectSection(ProjectDependencies) = postProject
		{588126B1-1145-4DF8-8585-310A51CB3057} = {588126B1-1145-4DF8-8585-310A51CB3057}
	EndProjectSection
EndProject
Project("{FAE04EC0-301F-11D3-BF4B-00C04F79EFBC}") = "Lab 06", "Lab 06\Lab 06.csproj", "{931D6402-E1CC-453C-96F0-1A945955A606}"
	ProjectSection(ProjectDependencies) = postProject
		{588126B1-1145-4DF8-8585-310A51CB3057} = {588126B1-1145-4DF8-8585-310A51CB3057}
	EndProjectSection
EndProject
Project("{FAE04EC0-301F-11D3-BF4B-00C04F79EFBC}") = "Assignment 2", "Assignment 2\Assignment 2.csproj", "{144B1C11-FD11-4876-8D90-6B3A4F07A505}"
EndProject
Project("{FAE04EC0-301F-11D3-BF4B-00C04F79EFBC}") = "Lab 07", "Lab 07\Lab 07.csproj", "{30290CEA-04C5-4BD1-B6DF-698202DE1D6F}"
	ProjectSection(ProjectDependencies) = postProject
		{588126B1-1145-4DF8-8585-310A51CB3057} = {588126B1-1145-4DF8-8585-310A51CB3057}
	EndProjectSection
EndProject
Project("{FAE04EC0-301F-11D3-BF4B-00C04F79EFBC}") = "Lab 08", "Lab 08\Lab 08.csproj", "{E3382F28-5FA9-4168-AF15-68C5E5AE864A}"
	ProjectSection(ProjectDependencies) = postProject
		{588126B1-1145-4DF8-8585-310A51CB3057} = {588126B1-1145-4DF8-8585-310A51CB3057}
	EndProjectSection
EndProject
Project("{FAE04EC0-301F-11D3-BF4B-00C04F79EFBC}") = "Lab 09", "Lab 09\Lab 09.csproj", "{89C024B4-5CDE-45A9-AD0B-84B0FF391130}"
	ProjectSection(ProjectDependencies) = postProject
		{588126B1-1145-4DF8-8585-310A51CB3057} = {588126B1-1145-4DF8-8585-310A51CB3057}
	EndProjectSection
EndProject
Project("{FAE04EC0-301F-11D3-BF4B-00C04F79EFBC}") = "Lab 10", "Lab 10\Lab 10.csproj", "{EBA478AB-D55E-4C06-855F-46F377E342E3}"
	ProjectSection(ProjectDependencies) = postProject
		{588126B1-1145-4DF8-8585-310A51CB3057} = {588126B1-1145-4DF8-8585-310A51CB3057}
	EndProjectSection
EndProject
Project("{FAE04EC0-301F-11D3-BF4B-00C04F79EFBC}") = "Assignment 3", "Assignment 3\Assignment 3.csproj", "{658AA543-333B-4D14-8E27-E99AC9751856}"
EndProject
Project("{FAE04EC0-301F-11D3-BF4B-00C04F79EFBC}") = "Assignment 4", "Assignment 4\Assignment 4.csproj", "{02F5A1FA-6880-4562-89B0-5DBD6A1E10FF}"
EndProject
Project("{FAE04EC0-301F-11D3-BF4B-00C04F79EFBC}") = "Assignment 5", "Assignment 5\Assignment 5.csproj", "{59FC16D0-5BCA-430B-819E-DB2263CB20E9}"
EndProject
Project("{FAE04EC0-301F-11D3-BF4B-00C04F79EFBC}") = "Lab 11", "Lab 11\Lab 11.csproj", "{F0AE3D54-E438-4A7C-8F4C-91E2A0058BAB}"
	ProjectSection(ProjectDependencies) = postProject
		{588126B1-1145-4DF8-8585-310A51CB3057} = {588126B1-1145-4DF8-8585-310A51CB3057}
	EndProjectSection
EndProject
Project("{FAE04EC0-301F-11D3-BF4B-00C04F79EFBC}") = "Lab 12", "Lab 12\Lab 12.csproj", "{0F38BF70-51B0-4F4D-8C53-F6CD443B05B9}"
	ProjectSection(ProjectDependencies) = postProject
		{588126B1-1145-4DF8-8585-310A51CB3057} = {588126B1-1145-4DF8-8585-310A51CB3057}
	EndProjectSection
EndProject
Global
	GlobalSection(SolutionConfigurationPlatforms) = preSolution
		Android|Any CPU = Android|Any CPU
		Android|Mixed Platforms = Android|Mixed Platforms
		Android|x86 = Android|x86
		Debug|Any CPU = Debug|Any CPU
		Debug|Mixed Platforms = Debug|Mixed Platforms
		Debug|x86 = Debug|x86
		iOS|Any CPU = iOS|Any CPU
		iOS|Mixed Platforms = iOS|Mixed Platforms
		iOS|x86 = iOS|x86
		Linux|Any CPU = Linux|Any CPU
		Linux|Mixed Platforms = Linux|Mixed Platforms
		Linux|x86 = Linux|x86
		OSX|Any CPU = OSX|Any CPU
		OSX|Mixed Platforms = OSX|Mixed Platforms
		OSX|x86 = OSX|x86
		PSM|Any CPU = PSM|Any CPU
		PSM|Mixed Platforms = PSM|Mixed Platforms
		PSM|x86 = PSM|x86
		Release|Any CPU = Release|Any CPU
		Release|Mixed Platforms = Release|Mixed Platforms
		Release|x86 = Release|x86
		Windows|Any CPU = Windows|Any CPU
		Windows|Mixed Platforms = Windows|Mixed Platforms
		Windows|x86 = Windows|x86
		Windows8|Any CPU = Windows8|Any CPU
		Windows8|Mixed Platforms = Windows8|Mixed Platforms
		Windows8|x86 = Windows8|x86
	EndGlobalSection
	GlobalSection(ProjectConfigurationPlatforms) = postSolution
		{626DE1C1-4C37-4B7D-808F-35A704C14F7A}.Android|Any CPU.ActiveCfg = Release|x86
		{626DE1C1-4C37-4B7D-808F-35A704C14F7A}.Android|Mixed Platforms.ActiveCfg = Release|x86
		{626DE1C1-4C37-4B7D-808F-35A704C14F7A}.Android|Mixed Platforms.Build.0 = Release|x86
		{626DE1C1-4C37-4B7D-808F-35A704C14F7A}.Android|x86.ActiveCfg = Release|x86
		{626DE1C1-4C37-4B7D-808F-35A704C14F7A}.Android|x86.Build.0 = Release|x86
		{626DE1C1-4C37-4B7D-808F-35A704C14F7A}.Debug|Any CPU.ActiveCfg = Debug|x86
		{626DE1C1-4C37-4B7D-808F-35A704C14F7A}.Debug|Mixed Platforms.ActiveCfg = Debug|x86
		{626DE1C1-4C37-4B7D-808F-35A704C14F7A}.Debug|Mixed Platforms.Build.0 = Debug|x86
		{626DE1C1-4C37-4B7D-808F-35A704C14F7A}.Debug|x86.ActiveCfg = Debug|x86
		{626DE1C1-4C37-4B7D-808F-35A704C14F7A}.Debug|x86.Build.0 = Debug|x86
		{626DE1C1-4C37-4B7D-808F-35A704C14F7A}.iOS|Any CPU.ActiveCfg = Release|x86
		{626DE1C1-4C37-4B7D-808F-35A704C14F7A}.iOS|Mixed Platforms.ActiveCfg = Release|x86
		{626DE1C1-4C37-4B7D-808F-35A704C14F7A}.iOS|Mixed Platforms.Build.0 = Release|x86
		{626DE1C1-4C37-4B7D-808F-35A704C14F7A}.iOS|x86.ActiveCfg = Release|x86
		{626DE1C1-4C37-4B7D-808F-35A704C14F7A}.iOS|x86.Build.0 = Release|x86
		{626DE1C1-4C37-4B7D-808F-35A704C14F7A}.Linux|Any CPU.ActiveCfg = Release|x86
		{626DE1C1-4C37-4B7D-808F-35A704C14F7A}.Linux|Mixed Platforms.ActiveCfg = Release|x86
		{626DE1C1-4C37-4B7D-808F-35A704C14F7A}.Linux|Mixed Platforms.Build.0 = Release|x86
		{626DE1C1-4C37-4B7D-808F-35A704C14F7A}.Linux|x86.ActiveCfg = Release|x86
		{626DE1C1-4C37-4B7D-808F-35A704C14F7A}.Linux|x86.Build.0 = Release|x86
		{626DE1C1-4C37-4B7D-808F-35A704C14F7A}.OSX|Any CPU.ActiveCfg = Release|x86
		{626DE1C1-4C37-4B7D-808F-35A704C14F7A}.OSX|Mixed Platforms.ActiveCfg = Release|x86
		{626DE1C1-4C37-4B7D-808F-35A704C14F7A}.OSX|Mixed Platforms.Build.0 = Release|x86
		{626DE1C1-4C37-4B7D-808F-35A704C14F7A}.OSX|x86.ActiveCfg = Release|x86
		{626DE1C1-4C37-4B7D-808F-35A704C14F7A}.OSX|x86.Build.0 = Release|x86
		{626DE1C1-4C37-4B7D-808F-35A704C14F7A}.PSM|Any CPU.ActiveCfg = Release|x86
		{626DE1C1-4C37-4B7D-808F-35A704C14F7A}.PSM|Mixed Platforms.ActiveCfg = Release|x86
		{626DE1C1-4C37-4B7D-808F-35A704C14F7A}.PSM|Mixed Platforms.Build.0 = Release|x86
		{626DE1C1-4C37-4B7D-808F-35A704C14F7A}.PSM|x86.ActiveCfg = Release|x86
		{626DE1C1-4C37-4B7D-808F-35A704C14F7A}.PSM|x86.Build.0 = Release|x86
		{626DE1C1-4C37-4B7D-808F-35A704C14F7A}.Release|Any CPU.ActiveCfg = Release|x86
		{626DE1C1-4C37-4B7D-808F-35A704C14F7A}.Release|Mixed Platforms.ActiveCfg = Release|x86
		{626DE1C1-4C37-4B7D-808F-35A704C14F7A}.Release|Mixed Platforms.Build.0 = Release|x86
		{626DE1C1-4C37-4B7D-808F-35A704C14F7A}.Release|x86.ActiveCfg = Release|x86
		{626DE1C1-4C37-4B7D-808F-35A704C14F7A}.Release|x86.Build.0 = Release|x86
		{626DE1C1-4C37-4B7D-808F-35A704C14F7A}.Windows|Any CPU.ActiveCfg = Release|x86
		{626DE1C1-4C37-4B7D-808F-35A704C14F7A}.Windows|Mixed Platforms.ActiveCfg = Release|x86
		{626DE1C1-4C37-4B7D-808F-35A704C14F7A}.Windows|Mixed Platforms.Build.0 = Release|x86
		{626DE1C1-4C37-4B7D-808F-35A704C14F7A}.Windows|x86.ActiveCfg = Release|x86
		{626DE1C1-4C37-4B7D-808F-35A704C14F7A}.Windows|x86.Build.0 = Release|x86
		{626DE1C1-4C37-4B7D-808F-35A704C14F7A}.Windows8|Any CPU.ActiveCfg = Release|x86
		{626DE1C1-4C37-4B7D-808F-35A704C14F7A}.Windows8|Mixed Platforms.ActiveCfg = Release|x86
		{626DE1C1-4C37-4B7D-808F-35A704C14F7A}.Windows8|Mixed Platforms.Build.0 = Release|x86
		{626DE1C1-4C37-4B7D-808F-35A704C14F7A}.Windows8|x86.ActiveCfg = Release|x86
		{626DE1C1-4C37-4B7D-808F-35A704C14F7A}.Windows8|x86.Build.0 = Release|x86
		{A964060B-BFB0-441B-8409-573F0915D0F5}.Android|Any CPU.ActiveCfg = Android|Any CPU
		{A964060B-BFB0-441B-8409-573F0915D0F5}.Android|Mixed Platforms.ActiveCfg = Android|Any CPU
		{A964060B-BFB0-441B-8409-573F0915D0F5}.Android|x86.ActiveCfg = Android|Any CPU
		{A964060B-BFB0-441B-8409-573F0915D0F5}.Debug|Any CPU.ActiveCfg = PSM|Any CPU
		{A964060B-BFB0-441B-8409-573F0915D0F5}.Debug|Mixed Platforms.ActiveCfg = PSM|Any CPU
		{A964060B-BFB0-441B-8409-573F0915D0F5}.Debug|x86.ActiveCfg = PSM|Any CPU
		{A964060B-BFB0-441B-8409-573F0915D0F5}.iOS|Any CPU.ActiveCfg = iOS|Any CPU
		{A964060B-BFB0-441B-8409-573F0915D0F5}.iOS|Mixed Platforms.ActiveCfg = iOS|Any CPU
		{A964060B-BFB0-441B-8409-573F0915D0F5}.iOS|x86.ActiveCfg = iOS|Any CPU
		{A964060B-BFB0-441B-8409-573F0915D0F5}.Linux|Any CPU.ActiveCfg = Linux|Any CPU
		{A964060B-BFB0-441B-8409-573F0915D0F5}.Linux|Mixed Platforms.ActiveCfg = Linux|Any CPU
		{A964060B-BFB0-441B-8409-573F0915D0F5}.Linux|x86.ActiveCfg = Linux|Any CPU
		{A964060B-BFB0-441B-8409-573F0915D0F5}.OSX|Any CPU.ActiveCfg = OSX|Any CPU
		{A964060B-BFB0-441B-8409-573F0915D0F5}.OSX|Mixed Platforms.ActiveCfg = OSX|Any CPU
		{A964060B-BFB0-441B-8409-573F0915D0F5}.OSX|x86.ActiveCfg = OSX|Any CPU
		{A964060B-BFB0-441B-8409-573F0915D0F5}.PSM|Any CPU.ActiveCfg = PSM|Any CPU
		{A964060B-BFB0-441B-8409-573F0915D0F5}.PSM|Mixed Platforms.ActiveCfg = PSM|Any CPU
		{A964060B-BFB0-441B-8409-573F0915D0F5}.PSM|x86.ActiveCfg = PSM|Any CPU
		{A964060B-BFB0-441B-8409-573F0915D0F5}.Release|Any CPU.ActiveCfg = PSM|Any CPU
		{A964060B-BFB0-441B-8409-573F0915D0F5}.Release|Mixed Platforms.ActiveCfg = PSM|Any CPU
		{A964060B-BFB0-441B-8409-573F0915D0F5}.Release|x86.ActiveCfg = PSM|Any CPU
		{A964060B-BFB0-441B-8409-573F0915D0F5}.Windows|Any CPU.ActiveCfg = Windows|Any CPU
		{A964060B-BFB0-441B-8409-573F0915D0F5}.Windows|Mixed Platforms.ActiveCfg = Windows|Any CPU
		{A964060B-BFB0-441B-8409-573F0915D0F5}.Windows|x86.ActiveCfg = Windows|Any CPU
		{A964060B-BFB0-441B-8409-573F0915D0F5}.Windows8|Any CPU.ActiveCfg = Windows8|Any CPU
		{A964060B-BFB0-441B-8409-573F0915D0F5}.Windows8|Mixed Platforms.ActiveCfg = Windows8|Any CPU
		{A964060B-BFB0-441B-8409-573F0915D0F5}.Windows8|x86.ActiveCfg = Windows8|Any CPU
		{588126B1-1145-4DF8-8585-310A51CB3057}.Android|Any CPU.ActiveCfg = Android|Any CPU
		{588126B1-1145-4DF8-8585-310A51CB3057}.Android|Any CPU.Build.0 = Android|Any CPU
		{588126B1-1145-4DF8-8585-310A51CB3057}.Android|Mixed Platforms.ActiveCfg = Android|Any CPU
		{588126B1-1145-4DF8-8585-310A51CB3057}.Android|Mixed Platforms.Build.0 = Android|Any CPU
		{588126B1-1145-4DF8-8585-310A51CB3057}.Android|x86.ActiveCfg = Android|Any CPU
		{588126B1-1145-4DF8-8585-310A51CB3057}.Debug|Any CPU.ActiveCfg = PSM|Any CPU
		{588126B1-1145-4DF8-8585-310A51CB3057}.Debug|Any CPU.Build.0 = PSM|Any CPU
		{588126B1-1145-4DF8-8585-310A51CB3057}.Debug|Mixed Platforms.ActiveCfg = PSM|Any CPU
		{588126B1-1145-4DF8-8585-310A51CB3057}.Debug|Mixed Platforms.Build.0 = PSM|Any CPU
		{588126B1-1145-4DF8-8585-310A51CB3057}.Debug|x86.ActiveCfg = PSM|Any CPU
		{588126B1-1145-4DF8-8585-310A51CB3057}.iOS|Any CPU.ActiveCfg = iOS|Any CPU
		{588126B1-1145-4DF8-8585-310A51CB3057}.iOS|Any CPU.Build.0 = iOS|Any CPU
		{588126B1-1145-4DF8-8585-310A51CB3057}.iOS|Mixed Platforms.ActiveCfg = iOS|Any CPU
		{588126B1-1145-4DF8-8585-310A51CB3057}.iOS|Mixed Platforms.Build.0 = iOS|Any CPU
		{588126B1-1145-4DF8-8585-310A51CB3057}.iOS|x86.ActiveCfg = iOS|Any CPU
		{588126B1-1145-4DF8-8585-310A51CB3057}.Linux|Any CPU.ActiveCfg = Linux|Any CPU
		{588126B1-1145-4DF8-8585-310A51CB3057}.Linux|Any CPU.Build.0 = Linux|Any CPU
		{588126B1-1145-4DF8-8585-310A51CB3057}.Linux|Mixed Platforms.ActiveCfg = Linux|Any CPU
		{588126B1-1145-4DF8-8585-310A51CB3057}.Linux|Mixed Platforms.Build.0 = Linux|Any CPU
		{588126B1-1145-4DF8-8585-310A51CB3057}.Linux|x86.ActiveCfg = Linux|Any CPU
		{588126B1-1145-4DF8-8585-310A51CB3057}.OSX|Any CPU.ActiveCfg = OSX|Any CPU
		{588126B1-1145-4DF8-8585-310A51CB3057}.OSX|Any CPU.Build.0 = OSX|Any CPU
		{588126B1-1145-4DF8-8585-310A51CB3057}.OSX|Mixed Platforms.ActiveCfg = OSX|Any CPU
		{588126B1-1145-4DF8-8585-310A51CB3057}.OSX|Mixed Platforms.Build.0 = OSX|Any CPU
		{588126B1-1145-4DF8-8585-310A51CB3057}.OSX|x86.ActiveCfg = OSX|Any CPU
		{588126B1-1145-4DF8-8585-310A51CB3057}.PSM|Any CPU.ActiveCfg = PSM|Any CPU
		{588126B1-1145-4DF8-8585-310A51CB3057}.PSM|Any CPU.Build.0 = PSM|Any CPU
		{588126B1-1145-4DF8-8585-310A51CB3057}.PSM|Mixed Platforms.ActiveCfg = PSM|Any CPU
		{588126B1-1145-4DF8-8585-310A51CB3057}.PSM|Mixed Platforms.Build.0 = PSM|Any CPU
		{588126B1-1145-4DF8-8585-310A51CB3057}.PSM|x86.ActiveCfg = PSM|Any CPU
		{588126B1-1145-4DF8-8585-310A51CB3057}.Release|Any CPU.ActiveCfg = PSM|Any CPU
		{588126B1-1145-4DF8-8585-310A51CB3057}.Release|Any CPU.Build.0 = PSM|Any CPU
		{588126B1-1145-4DF8-8585-310A51CB3057}.Release|Mixed Platforms.ActiveCfg = PSM|Any CPU
		{588126B1-1145-4DF8-8585-310A51CB3057}.Release|Mixed Platforms.Build.0 = PSM|Any CPU
		{588126B1-1145-4DF8-8585-310A51CB3057}.Release|x86.ActiveCfg = PSM|Any CPU
		{588126B1-1145-4DF8-8585-310A51CB3057}.Windows|Any CPU.ActiveCfg = Windows|Any CPU
		{588126B1-1145-4DF8-8585-310A51CB3057}.Windows|Any CPU.Build.0 = Windows|Any CPU
		{588126B1-1145-4DF8-8585-310A51CB3057}.Windows|Mixed Platforms.ActiveCfg = Windows|Any CPU
		{588126B1-1145-4DF8-8585-310A51CB3057}.Windows|Mixed Platforms.Build.0 = Windows|Any CPU
		{588126B1-1145-4DF8-8585-310A51CB3057}.Windows|x86.ActiveCfg = Windows|Any CPU
		{588126B1-1145-4DF8-8585-310A51CB3057}.Windows8|Any CPU.ActiveCfg = Windows8|Any CPU
		{588126B1-1145-4DF8-8585-310A51CB3057}.Windows8|Any CPU.Build.0 = Windows8|Any CPU
		{588126B1-1145-4DF8-8585-310A51CB3057}.Windows8|Mixed Platforms.ActiveCfg = Windows8|Any CPU
		{588126B1-1145-4DF8-8585-310A51CB3057}.Windows8|Mixed Platforms.Build.0 = Windows8|Any CPU
		{588126B1-1145-4DF8-8585-310A51CB3057}.Windows8|x86.ActiveCfg = Windows8|Any CPU
		{7F695ACB-F6D5-4918-A893-78BC81257536}.Android|Any CPU.ActiveCfg = Release|x86
		{7F695ACB-F6D5-4918-A893-78BC81257536}.Android|Mixed Platforms.ActiveCfg = Release|x86
		{7F695ACB-F6D5-4918-A893-78BC81257536}.Android|Mixed Platforms.Build.0 = Release|x86
		{7F695ACB-F6D5-4918-A893-78BC81257536}.Android|x86.ActiveCfg = Release|x86
		{7F695ACB-F6D5-4918-A893-78BC81257536}.Android|x86.Build.0 = Release|x86
		{7F695ACB-F6D5-4918-A893-78BC81257536}.Debug|Any CPU.ActiveCfg = Debug|x86
		{7F695ACB-F6D5-4918-A893-78BC81257536}.Debug|Mixed Platforms.ActiveCfg = Debug|x86
		{7F695ACB-F6D5-4918-A893-78BC81257536}.Debug|Mixed Platforms.Build.0 = Debug|x86
		{7F695ACB-F6D5-4918-A893-78BC81257536}.Debug|x86.ActiveCfg = Debug|x86
		{7F695ACB-F6D5-4918-A893-78BC81257536}.Debug|x86.Build.0 = Debug|x86
		{7F695ACB-F6D5-4918-A893-78BC81257536}.iOS|Any CPU.ActiveCfg = Release|x86
		{7F695ACB-F6D5-4918-A893-78BC81257536}.iOS|Mixed Platforms.ActiveCfg = Release|x86
		{7F695ACB-F6D5-4918-A893-78BC81257536}.iOS|Mixed Platforms.Build.0 = Release|x86
		{7F695ACB-F6D5-4918-A893-78BC81257536}.iOS|x86.ActiveCfg = Release|x86
		{7F695ACB-F6D5-4918-A893-78BC81257536}.iOS|x86.Build.0 = Release|x86
		{7F695ACB-F6D5-4918-A893-78BC81257536}.Linux|Any CPU.ActiveCfg = Release|x86
		{7F695ACB-F6D5-4918-A893-78BC81257536}.Linux|Mixed Platforms.ActiveCfg = Release|x86
		{7F695ACB-F6D5-4918-A893-78BC81257536}.Linux|Mixed Platforms.Build.0 = Release|x86
		{7F695ACB-F6D5-4918-A893-78BC81257536}.Linux|x86.ActiveCfg = Release|x86
		{7F695ACB-F6D5-4918-A893-78BC81257536}.Linux|x86.Build.0 = Release|x86
		{7F695ACB-F6D5-4918-A893-78BC81257536}.OSX|Any CPU.ActiveCfg = Release|x86
		{7F695ACB-F6D5-4918-A893-78BC81257536}.OSX|Mixed Platforms.ActiveCfg = Release|x86
		{7F695ACB-F6D5-4918-A893-78BC81257536}.OSX|Mixed Platforms.Build.0 = Release|x86
		{7F695ACB-F6D5-4918-A893-78BC81257536}.OSX|x86.ActiveCfg = Release|x86
		{7F695ACB-F6D5-4918-A893-78BC81257536}.OSX|x86.Build.0 = Release|x86
		{7F695ACB-F6D5-4918-A893-78BC81257536}.PSM|Any CPU.ActiveCfg = Release|x86
		{7F695ACB-F6D5-4918-A893-78BC81257536}.PSM|Mixed Platforms.ActiveCfg = Release|x86
		{7F695ACB-F6D5-4918-A893-78BC81257536}.PSM|Mixed Platforms.Build.0 = Release|x86
		{7F695ACB-F6D5-4918-A893-78BC81257536}.PSM|x86.ActiveCfg = Release|x86
		{7F695ACB-F6D5-4918-A893-78BC81257536}.PSM|x86.Build.0 = Release|x86
		{7F695ACB-F6D5-4918-A893-78BC81257536}.Release|Any CPU.ActiveCfg = Release|x86
		{7F695ACB-F6D5-4918-A893-78BC81257536}.Release|Mixed Platforms.ActiveCfg = Release|x86
		{7F695ACB-F6D5-4918-A893-78BC81257536}.Release|Mixed Platforms.Build.0 = Release|x86
		{7F695ACB-F6D5-4918-A893-78BC81257536}.Release|x86.ActiveCfg = Release|x86
		{7F695ACB-F6D5-4918-A893-78BC81257536}.Release|x86.Build.0 = Release|x86
		{7F695ACB-F6D5-4918-A893-78BC81257536}.Windows|Any CPU.ActiveCfg = Release|x86
		{7F695ACB-F6D5-4918-A893-78BC81257536}.Windows|Mixed Platforms.ActiveCfg = Release|x86
		{7F695ACB-F6D5-4918-A893-78BC81257536}.Windows|Mixed Platforms.Build.0 = Release|x86
		{7F695ACB-F6D5-4918-A893-78BC81257536}.Windows|x86.ActiveCfg = Release|x86
		{7F695ACB-F6D5-4918-A893-78BC81257536}.Windows|x86.Build.0 = Release|x86
		{7F695ACB-F6D5-4918-A893-78BC81257536}.Windows8|Any CPU.ActiveCfg = Release|x86
		{7F695ACB-F6D5-4918-A893-78BC81257536}.Windows8|Mixed Platforms.ActiveCfg = Release|x86
		{7F695ACB-F6D5-4918-A893-78BC81257536}.Windows8|Mixed Platforms.Build.0 = Release|x86
		{7F695ACB-F6D5-4918-A893-78BC81257536}.Windows8|x86.ActiveCfg = Release|x86
		{7F695ACB-F6D5-4918-A893-78BC81257536}.Windows8|x86.Build.0 = Release|x86
		{43196223-6222-4E54-B4E2-672C27E8A811}.Android|Any CPU.ActiveCfg = Release|x86
		{43196223-6222-4E54-B4E2-672C27E8A811}.Android|Mixed Platforms.ActiveCfg = Release|x86
		{43196223-6222-4E54-B4E2-672C27E8A811}.Android|Mixed Platforms.Build.0 = Release|x86
		{43196223-6222-4E54-B4E2-672C27E8A811}.Android|x86.ActiveCfg = Release|x86
		{43196223-6222-4E54-B4E2-672C27E8A811}.Android|x86.Build.0 = Release|x86
		{43196223-6222-4E54-B4E2-672C27E8A811}.Debug|Any CPU.ActiveCfg = Debug|x86
		{43196223-6222-4E54-B4E2-672C27E8A811}.Debug|Mixed Platforms.ActiveCfg = Debug|x86
		{43196223-6222-4E54-B4E2-672C27E8A811}.Debug|Mixed Platforms.Build.0 = Debug|x86
		{43196223-6222-4E54-B4E2-672C27E8A811}.Debug|x86.ActiveCfg = Debug|x86
		{43196223-6222-4E54-B4E2-672C27E8A811}.Debug|x86.Build.0 = Debug|x86
		{43196223-6222-4E54-B4E2-672C27E8A811}.iOS|Any CPU.ActiveCfg = Release|x86
		{43196223-6222-4E54-B4E2-672C27E8A811}.iOS|Mixed Platforms.ActiveCfg = Release|x86
		{43196223-6222-4E54-B4E2-672C27E8A811}.iOS|Mixed Platforms.Build.0 = Release|x86
		{43196223-6222-4E54-B4E2-672C27E8A811}.iOS|x86.ActiveCfg = Release|x86
		{43196223-6222-4E54-B4E2-672C27E8A811}.iOS|x86.Build.0 = Release|x86
		{43196223-6222-4E54-B4E2-672C27E8A811}.Linux|Any CPU.ActiveCfg = Release|x86
		{43196223-6222-4E54-B4E2-672C27E8A811}.Linux|Mixed Platforms.ActiveCfg = Release|x86
		{43196223-6222-4E54-B4E2-672C27E8A811}.Linux|Mixed Platforms.Build.0 = Release|x86
		{43196223-6222-4E54-B4E2-672C27E8A811}.Linux|x86.ActiveCfg = Release|x86
		{43196223-6222-4E54-B4E2-672C27E8A811}.Linux|x86.Build.0 = Release|x86
		{43196223-6222-4E54-B4E2-672C27E8A811}.OSX|Any CPU.ActiveCfg = Release|x86
		{43196223-6222-4E54-B4E2-672C27E8A811}.OSX|Mixed Platforms.ActiveCfg = Release|x86
		{43196223-6222-4E54-B4E2-672C27E8A811}.OSX|Mixed Platforms.Build.0 = Release|x86
		{43196223-6222-4E54-B4E2-672C27E8A811}.OSX|x86.ActiveCfg = Release|x86
		{43196223-6222-4E54-B4E2-672C27E8A811}.OSX|x86.Build.0 = Release|x86
		{43196223-6222-4E54-B4E2-672C27E8A811}.PSM|Any CPU.ActiveCfg = Release|x86
		{43196223-6222-4E54-B4E2-672C27E8A811}.PSM|Mixed Platforms.ActiveCfg = Release|x86
		{43196223-6222-4E54-B4E2-672C27E8A811}.PSM|Mixed Platforms.Build.0 = Release|x86
		{43196223-6222-4E54-B4E2-672C27E8A811}.PSM|x86.ActiveCfg = Release|x86
		{43196223-6222-4E54-B4E2-672C27E8A811}.PSM|x86.Build.0 = Release|x86
		{43196223-6222-4E54-B4E2-672C27E8A811}.Release|Any CPU.ActiveCfg = Release|x86
		{43196223-6222-4E54-B4E2-672C27E8A811}.Release|Mixed Platforms.ActiveCfg = Release|x86
		{43196223-6222-4E54-B4E2-672C27E8A811}.Release|Mixed Platforms.Build.0 = Release|x86
		{43196223-6222-4E54-B4E2-672C27E8A811}.Release|x86.ActiveCfg = Release|x86
		{43196223-6222-4E54-B4E2-672C27E8A811}.Release|x86.Build.0 = Release|x86
		{43196223-6222-4E54-B4E2-672C27E8A811}.Windows|Any CPU.ActiveCfg = Release|x86
		{43196223-6222-4E54-B4E2-672C27E8A811}.Windows|Mixed Platforms.ActiveCfg = Release|x86
		{43196223-6222-4E54-B4E2-672C27E8A811}.Windows|Mixed Platforms.Build.0 = Release|x86
		{43196223-6222-4E54-B4E2-672C27E8A811}.Windows|x86.ActiveCfg = Release|x86
		{43196223-6222-4E54-B4E2-672C27E8A811}.Windows|x86.Build.0 = Release|x86
		{43196223-6222-4E54-B4E2-672C27E8A811}.Windows8|Any CPU.ActiveCfg = Release|x86
		{43196223-6222-4E54-B4E2-672C27E8A811}.Windows8|Mixed Platforms.ActiveCfg = Release|x86
		{43196223-6222-4E54-B4E2-672C27E8A811}.Windows8|Mixed Platforms.Build.0 = Release|x86
		{43196223-6222-4E54-B4E2-672C27E8A811}.Windows8|x86.ActiveCfg = Release|x86
		{43196223-6222-4E54-B4E2-672C27E8A811}.Windows8|x86.Build.0 = Release|x86
		{FC875B0D-4DD5-4E77-8AFB-CF4EA30971BA}.Android|Any CPU.ActiveCfg = Release|x86
		{FC875B0D-4DD5-4E77-8AFB-CF4EA30971BA}.Android|Mixed Platforms.ActiveCfg = Release|x86
		{FC875B0D-4DD5-4E77-8AFB-CF4EA30971BA}.Android|Mixed Platforms.Build.0 = Release|x86
		{FC875B0D-4DD5-4E77-8AFB-CF4EA30971BA}.Android|x86.ActiveCfg = Release|x86
		{FC875B0D-4DD5-4E77-8AFB-CF4EA30971BA}.Android|x86.Build.0 = Release|x86
		{FC875B0D-4DD5-4E77-8AFB-CF4EA30971BA}.Debug|Any CPU.ActiveCfg = Debug|x86
		{FC875B0D-4DD5-4E77-8AFB-CF4EA30971BA}.Debug|Mixed Platforms.ActiveCfg = Debug|x86
		{FC875B0D-4DD5-4E77-8AFB-CF4EA30971BA}.Debug|Mixed Platforms.Build.0 = Debug|x86
		{FC875B0D-4DD5-4E77-8AFB-CF4EA30971BA}.Debug|x86.ActiveCfg = Debug|x86
		{FC875B0D-4DD5-4E77-8AFB-CF4EA30971BA}.Debug|x86.Build.0 = Debug|x86
		{FC875B0D-4DD5-4E77-8AFB-CF4EA30971BA}.iOS|Any CPU.ActiveCfg = Release|x86
		{FC875B0D-4DD5-4E77-8AFB-CF4EA30971BA}.iOS|Mixed Platforms.ActiveCfg = Release|x86
		{FC875B0D-4DD5-4E77-8AFB-CF4EA30971BA}.iOS|Mixed Platforms.Build.0 = Release|x86
		{FC875B0D-4DD5-4E77-8AFB-CF4EA30971BA}.iOS|x86.ActiveCfg = Release|x86
		{FC875B0D-4DD5-4E77-8AFB-CF4EA30971BA}.iOS|x86.Build.0 = Release|x86
		{FC875B0D-4DD5-4E77-8AFB-CF4EA30971BA}.Linux|Any CPU.ActiveCfg = Release|x86
		{FC875B0D-4DD5-4E77-8AFB-CF4EA30971BA}.Linux|Mixed Platforms.ActiveCfg = Release|x86
		{FC875B0D-4DD5-4E77-8AFB-CF4EA30971BA}.Linux|Mixed Platforms.Build.0 = Release|x86
		{FC875B0D-4DD5-4E77-8AFB-CF4EA30971BA}.Linux|x86.ActiveCfg = Release|x86
		{FC875B0D-4DD5-4E77-8AFB-CF4EA30971BA}.Linux|x86.Build.0 = Release|x86
		{FC875B0D-4DD5-4E77-8AFB-CF4EA30971BA}.OSX|Any CPU.ActiveCfg = Release|x86
		{FC875B0D-4DD5-4E77-8AFB-CF4EA30971BA}.OSX|Mixed Platforms.ActiveCfg = Release|x86
		{FC875B0D-4DD5-4E77-8AFB-CF4EA30971BA}.OSX|Mixed Platforms.Build.0 = Release|x86
		{FC875B0D-4DD5-4E77-8AFB-CF4EA30971BA}.OSX|x86.ActiveCfg = Release|x86
		{FC875B0D-4DD5-4E77-8AFB-CF4EA30971BA}.OSX|x86.Build.0 = Release|x86
		{FC875B0D-4DD5-4E77-8AFB-CF4EA30971BA}.PSM|Any CPU.ActiveCfg = Release|x86
		{FC875B0D-4DD5-4E77-8AFB-CF4EA30971BA}.PSM|Mixed Platforms.ActiveCfg = Release|x86
		{FC875B0D-4DD5-4E77-8AFB-CF4EA30971BA}.PSM|Mixed Platforms.Build.0 = Release|x86
		{FC875B0D-4DD5-4E77-8AFB-CF4EA30971BA}.PSM|x86.ActiveCfg = Release|x86
		{FC875B0D-4DD5-4E77-8AFB-CF4EA30971BA}.PSM|x86.Build.0 = Release|x86
		{FC875B0D-4DD5-4E77-8AFB-CF4EA30971BA}.Release|Any CPU.ActiveCfg = Release|x86
		{FC875B0D-4DD5-4E77-8AFB-CF4EA30971BA}.Release|Mixed Platforms.ActiveCfg = Release|x86
		{FC875B0D-4DD5-4E77-8AFB-CF4EA30971BA}.Release|Mixed Platforms.Build.0 = Release|x86
		{FC875B0D-4DD5-4E77-8AFB-CF4EA30971BA}.Release|x86.ActiveCfg = Release|x86
		{FC875B0D-4DD5-4E77-8AFB-CF4EA30971BA}.Release|x86.Build.0 = Release|x86
		{FC875B0D-4DD5-4E77-8AFB-CF4EA30971BA}.Windows|Any CPU.ActiveCfg = Release|x86
		{FC875B0D-4DD5-4E77-8AFB-CF4EA30971BA}.Windows|Mixed Platforms.ActiveCfg = Release|x86
		{FC875B0D-4DD5-4E77-8AFB-CF4EA30971BA}.Windows|Mixed Platforms.Build.0 = Release|x86
		{FC875B0D-4DD5-4E77-8AFB-CF4EA30971BA}.Windows|x86.ActiveCfg = Release|x86
		{FC875B0D-4DD5-4E77-8AFB-CF4EA30971BA}.Windows|x86.Build.0 = Release|x86
		{FC875B0D-4DD5-4E77-8AFB-CF4EA30971BA}.Windows8|Any CPU.ActiveCfg = Release|x86
		{FC875B0D-4DD5-4E77-8AFB-CF4EA30971BA}.Windows8|Mixed Platforms.ActiveCfg = Release|x86
		{FC875B0D-4DD5-4E77-8AFB-CF4EA30971BA}.Windows8|Mixed Platforms.Build.0 = Release|x86
		{FC875B0D-4DD5-4E77-8AFB-CF4EA30971BA}.Windows8|x86.ActiveCfg = Release|x86
		{FC875B0D-4DD5-4E77-8AFB-CF4EA30971BA}.Windows8|x86.Build.0 = Release|x86
		{B5E18BE6-5E9D-4195-A4F9-692958BE8934}.Android|Any CPU.ActiveCfg = Release|x86
		{B5E18BE6-5E9D-4195-A4F9-692958BE8934}.Android|Mixed Platforms.ActiveCfg = Release|x86
		{B5E18BE6-5E9D-4195-A4F9-692958BE8934}.Android|Mixed Platforms.Build.0 = Release|x86
		{B5E18BE6-5E9D-4195-A4F9-692958BE8934}.Android|x86.ActiveCfg = Release|x86
		{B5E18BE6-5E9D-4195-A4F9-692958BE8934}.Android|x86.Build.0 = Release|x86
		{B5E18BE6-5E9D-4195-A4F9-692958BE8934}.Debug|Any CPU.ActiveCfg = Debug|x86
		{B5E18BE6-5E9D-4195-A4F9-692958BE8934}.Debug|Mixed Platforms.ActiveCfg = Debug|x86
		{B5E18BE6-5E9D-4195-A4F9-692958BE8934}.Debug|Mixed Platforms.Build.0 = Debug|x86
		{B5E18BE6-5E9D-4195-A4F9-692958BE8934}.Debug|x86.ActiveCfg = Debug|x86
		{B5E18BE6-5E9D-4195-A4F9-692958BE8934}.Debug|x86.Build.0 = Debug|x86
		{B5E18BE6-5E9D-4195-A4F9-692958BE8934}.iOS|Any CPU.ActiveCfg = Release|x86
		{B5E18BE6-5E9D-4195-A4F9-692958BE8934}.iOS|Mixed Platforms.ActiveCfg = Release|x86
		{B5E18BE6-5E9D-4195-A4F9-692958BE8934}.iOS|Mixed Platforms.Build.0 = Release|x86
		{B5E18BE6-5E9D-4195-A4F9-692958BE8934}.iOS|x86.ActiveCfg = Release|x86
		{B5E18BE6-5E9D-4195-A4F9-692958BE8934}.iOS|x86.Build.0 = Release|x86
		{B5E18BE6-5E9D-4195-A4F9-692958BE8934}.Linux|Any CPU.ActiveCfg = Release|x86
		{B5E18BE6-5E9D-4195-A4F9-692958BE8934}.Linux|Mixed Platforms.ActiveCfg = Release|x86
		{B5E18BE6-5E9D-4195-A4F9-692958BE8934}.Linux|Mixed Platforms.Build.0 = Release|x86
		{B5E18BE6-5E9D-4195-A4F9-692958BE8934}.Linux|x86.ActiveCfg = Release|x86
		{B5E18BE6-5E9D-4195-A4F9-692958BE8934}.Linux|x86.Build.0 = Release|x86
		{B5E18BE6-5E9D-4195-A4F9-692958BE8934}.OSX|Any CPU.ActiveCfg = Release|x86
		{B5E18BE6-5E9D-4195-A4F9-692958BE8934}.OSX|Mixed Platforms.ActiveCfg = Release|x86
		{B5E18BE6-5E9D-4195-A4F9-692958BE8934}.OSX|Mixed Platforms.Build.0 = Release|x86
		{B5E18BE6-5E9D-4195-A4F9-692958BE8934}.OSX|x86.ActiveCfg = Release|x86
		{B5E18BE6-5E9D-4195-A4F9-692958BE8934}.OSX|x86.Build.0 = Release|x86
		{B5E18BE6-5E9D-4195-A4F9-692958BE8934}.PSM|Any CPU.ActiveCfg = Release|x86
		{B5E18BE6-5E9D-4195-A4F9-692958BE8934}.PSM|Mixed Platforms.ActiveCfg = Release|x86
		{B5E18BE6-5E9D-4195-A4F9-692958BE8934}.PSM|Mixed Platforms.Build.0 = Release|x86
		{B5E18BE6-5E9D-4195-A4F9-692958BE8934}.PSM|x86.ActiveCfg = Release|x86
		{B5E18BE6-5E9D-4195-A4F9-692958BE8934}.PSM|x86.Build.0 = Release|x86
		{B5E18BE6-5E9D-4195-A4F9-692958BE8934}.Release|Any CPU.ActiveCfg = Release|x86
		{B5E18BE6-5E9D-4195-A4F9-692958BE8934}.Release|Mixed Platforms.ActiveCfg = Release|x86
		{B5E18BE6-5E9D-4195-A4F9-692958BE8934}.Release|Mixed Platforms.Build.0 = Release|x86
		{B5E18BE6-5E9D-4195-A4F9-692958BE8934}.Release|x86.ActiveCfg = Release|x86
		{B5E18BE6-5E9D-4195-A4F9-692958BE8934}.Release|x86.Build.0 = Release|x86
		{B5E18BE6-5E9D-4195-A4F9-692958BE8934}.Windows|Any CPU.ActiveCfg = Release|x86
		{B5E18BE6-5E9D-4195-A4F9-692958BE8934}.Windows|Mixed Platforms.ActiveCfg = Release|x86
		{B5E18BE6-5E9D-4195-A4F9-692958BE8934}.Windows|Mixed Platforms.Build.0 = Release|x86
		{B5E18BE6-5E9D-4195-A4F9-692958BE8934}.Windows|x86.ActiveCfg = Release|x86
		{B5E18BE6-5E9D-4195-A4F9-692958BE8934}.Windows|x86.Build.0 = Release|x86
		{B5E18BE6-5E9D-4195-A4F9-692958BE8934}.Windows8|Any CPU.ActiveCfg = Release|x86
		{B5E18BE6-5E9D-4195-A4F9-692958BE8934}.Windows8|Mixed Platforms.ActiveCfg = Release|x86
		{B5E18BE6-5E9D-4195-A4F9-692958BE8934}.Windows8|Mixed Platforms.Build.0 = Release|x86
		{B5E18BE6-5E9D-4195-A4F9-692958BE8934}.Windows8|x86.ActiveCfg = Release|x86
		{B5E18BE6-5E9D-4195-A4F9-692958BE8934}.Windows8|x86.Build.0 = Release|x86
		{20F7C738-49E7-40E5-9626-1B2B4BE097BB}.Android|Any CPU.ActiveCfg = Release|x86
		{20F7C738-49E7-40E5-9626-1B2B4BE097BB}.Android|Mixed Platforms.ActiveCfg = Release|x86
		{20F7C738-49E7-40E5-9626-1B2B4BE097BB}.Android|Mixed Platforms.Build.0 = Release|x86
		{20F7C738-49E7-40E5-9626-1B2B4BE097BB}.Android|x86.ActiveCfg = Release|x86
		{20F7C738-49E7-40E5-9626-1B2B4BE097BB}.Android|x86.Build.0 = Release|x86
		{20F7C738-49E7-40E5-9626-1B2B4BE097BB}.Debug|Any CPU.ActiveCfg = Debug|x86
		{20F7C738-49E7-40E5-9626-1B2B4BE097BB}.Debug|Mixed Platforms.ActiveCfg = Debug|x86
		{20F7C738-49E7-40E5-9626-1B2B4BE097BB}.Debug|Mixed Platforms.Build.0 = Debug|x86
		{20F7C738-49E7-40E5-9626-1B2B4BE097BB}.Debug|x86.ActiveCfg = Debug|x86
		{20F7C738-49E7-40E5-9626-1B2B4BE097BB}.Debug|x86.Build.0 = Debug|x86
		{20F7C738-49E7-40E5-9626-1B2B4BE097BB}.iOS|Any CPU.ActiveCfg = Release|x86
		{20F7C738-49E7-40E5-9626-1B2B4BE097BB}.iOS|Mixed Platforms.ActiveCfg = Release|x86
		{20F7C738-49E7-40E5-9626-1B2B4BE097BB}.iOS|Mixed Platforms.Build.0 = Release|x86
		{20F7C738-49E7-40E5-9626-1B2B4BE097BB}.iOS|x86.ActiveCfg = Release|x86
		{20F7C738-49E7-40E5-9626-1B2B4BE097BB}.iOS|x86.Build.0 = Release|x86
		{20F7C738-49E7-40E5-9626-1B2B4BE097BB}.Linux|Any CPU.ActiveCfg = Release|x86
		{20F7C738-49E7-40E5-9626-1B2B4BE097BB}.Linux|Mixed Platforms.ActiveCfg = Release|x86
		{20F7C738-49E7-40E5-9626-1B2B4BE097BB}.Linux|Mixed Platforms.Build.0 = Release|x86
		{20F7C738-49E7-40E5-9626-1B2B4BE097BB}.Linux|x86.ActiveCfg = Release|x86
		{20F7C738-49E7-40E5-9626-1B2B4BE097BB}.Linux|x86.Build.0 = Release|x86
		{20F7C738-49E7-40E5-9626-1B2B4BE097BB}.OSX|Any CPU.ActiveCfg = Release|x86
		{20F7C738-49E7-40E5-9626-1B2B4BE097BB}.OSX|Mixed Platforms.ActiveCfg = Release|x86
		{20F7C738-49E7-40E5-9626-1B2B4BE097BB}.OSX|Mixed Platforms.Build.0 = Release|x86
		{20F7C738-49E7-40E5-9626-1B2B4BE097BB}.OSX|x86.ActiveCfg = Release|x86
		{20F7C738-49E7-40E5-9626-1B2B4BE097BB}.OSX|x86.Build.0 = Release|x86
		{20F7C738-49E7-40E5-9626-1B2B4BE097BB}.PSM|Any CPU.ActiveCfg = Release|x86
		{20F7C738-49E7-40E5-9626-1B2B4BE097BB}.PSM|Mixed Platforms.ActiveCfg = Release|x86
		{20F7C738-49E7-40E5-9626-1B2B4BE097BB}.PSM|Mixed Platforms.Build.0 = Release|x86
		{20F7C738-49E7-40E5-9626-1B2B4BE097BB}.PSM|x86.ActiveCfg = Release|x86
		{20F7C738-49E7-40E5-9626-1B2B4BE097BB}.PSM|x86.Build.0 = Release|x86
		{20F7C738-49E7-40E5-9626-1B2B4BE097BB}.Release|Any CPU.ActiveCfg = Release|x86
		{20F7C738-49E7-40E5-9626-1B2B4BE097BB}.Release|Mixed Platforms.ActiveCfg = Release|x86
		{20F7C738-49E7-40E5-9626-1B2B4BE097BB}.Release|Mixed Platforms.Build.0 = Release|x86
		{20F7C738-49E7-40E5-9626-1B2B4BE097BB}.Release|x86.ActiveCfg = Release|x86
		{20F7C738-49E7-40E5-9626-1B2B4BE097BB}.Release|x86.Build.0 = Release|x86
		{20F7C738-49E7-40E5-9626-1B2B4BE097BB}.Windows|Any CPU.ActiveCfg = Release|x86
		{20F7C738-49E7-40E5-9626-1B2B4BE097BB}.Windows|Mixed Platforms.ActiveCfg = Release|x86
		{20F7C738-49E7-40E5-9626-1B2B4BE097BB}.Windows|Mixed Platforms.Build.0 = Release|x86
		{20F7C738-49E7-40E5-9626-1B2B4BE097BB}.Windows|x86.ActiveCfg = Release|x86
		{20F7C738-49E7-40E5-9626-1B2B4BE097BB}.Windows|x86.Build.0 = Release|x86
		{20F7C738-49E7-40E5-9626-1B2B4BE097BB}.Windows8|Any CPU.ActiveCfg = Release|x86
		{20F7C738-49E7-40E5-9626-1B2B4BE097BB}.Windows8|Mixed Platforms.ActiveCfg = Release|x86
		{20F7C738-49E7-40E5-9626-1B2B4BE097BB}.Windows8|Mixed Platforms.Build.0 = Release|x86
		{20F7C738-49E7-40E5-9626-1B2B4BE097BB}.Windows8|x86.ActiveCfg = Release|x86
		{20F7C738-49E7-40E5-9626-1B2B4BE097BB}.Windows8|x86.Build.0 = Release|x86
		{03B309CF-CAC1-43FB-9988-4B609B8411FE}.Android|Any CPU.ActiveCfg = Release|x86
		{03B309CF-CAC1-43FB-9988-4B609B8411FE}.Android|Mixed Platforms.ActiveCfg = Release|x86
		{03B309CF-CAC1-43FB-9988-4B609B8411FE}.Android|Mixed Platforms.Build.0 = Release|x86
		{03B309CF-CAC1-43FB-9988-4B609B8411FE}.Android|x86.ActiveCfg = Release|x86
		{03B309CF-CAC1-43FB-9988-4B609B8411FE}.Android|x86.Build.0 = Release|x86
		{03B309CF-CAC1-43FB-9988-4B609B8411FE}.Debug|Any CPU.ActiveCfg = Debug|x86
		{03B309CF-CAC1-43FB-9988-4B609B8411FE}.Debug|Mixed Platforms.ActiveCfg = Debug|x86
		{03B309CF-CAC1-43FB-9988-4B609B8411FE}.Debug|Mixed Platforms.Build.0 = Debug|x86
		{03B309CF-CAC1-43FB-9988-4B609B8411FE}.Debug|x86.ActiveCfg = Debug|x86
		{03B309CF-CAC1-43FB-9988-4B609B8411FE}.Debug|x86.Build.0 = Debug|x86
		{03B309CF-CAC1-43FB-9988-4B609B8411FE}.iOS|Any CPU.ActiveCfg = Release|x86
		{03B309CF-CAC1-43FB-9988-4B609B8411FE}.iOS|Mixed Platforms.ActiveCfg = Release|x86
		{03B309CF-CAC1-43FB-9988-4B609B8411FE}.iOS|Mixed Platforms.Build.0 = Release|x86
		{03B309CF-CAC1-43FB-9988-4B609B8411FE}.iOS|x86.ActiveCfg = Release|x86
		{03B309CF-CAC1-43FB-9988-4B609B8411FE}.iOS|x86.Build.0 = Release|x86
		{03B309CF-CAC1-43FB-9988-4B609B8411FE}.Linux|Any CPU.ActiveCfg = Release|x86
		{03B309CF-CAC1-43FB-9988-4B609B8411FE}.Linux|Mixed Platforms.ActiveCfg = Release|x86
		{03B309CF-CAC1-43FB-9988-4B609B8411FE}.Linux|Mixed Platforms.Build.0 = Release|x86
		{03B309CF-CAC1-43FB-9988-4B609B8411FE}.Linux|x86.ActiveCfg = Release|x86
		{03B309CF-CAC1-43FB-9988-4B609B8411FE}.Linux|x86.Build.0 = Release|x86
		{03B309CF-CAC1-43FB-9988-4B609B8411FE}.OSX|Any CPU.ActiveCfg = Release|x86
		{03B309CF-CAC1-43FB-9988-4B609B8411FE}.OSX|Mixed Platforms.ActiveCfg = Release|x86
		{03B309CF-CAC1-43FB-9988-4B609B8411FE}.OSX|Mixed Platforms.Build.0 = Release|x86
		{03B309CF-CAC1-43FB-9988-4B609B8411FE}.OSX|x86.ActiveCfg = Release|x86
		{03B309CF-CAC1-43FB-9988-4B609B8411FE}.OSX|x86.Build.0 = Release|x86
		{03B309CF-CAC1-43FB-9988-4B609B8411FE}.PSM|Any CPU.ActiveCfg = Release|x86
		{03B309CF-CAC1-43FB-9988-4B609B8411FE}.PSM|Mixed Platforms.ActiveCfg = Release|x86
		{03B309CF-CAC1-43FB-9988-4B609B8411FE}.PSM|Mixed Platforms.Build.0 = Release|x86
		{03B309CF-CAC1-43FB-9988-4B609B8411FE}.PSM|x86.ActiveCfg = Release|x86
		{03B309CF-CAC1-43FB-9988-4B609B8411FE}.PSM|x86.Build.0 = Release|x86
		{03B309CF-CAC1-43FB-9988-4B609B8411FE}.Release|Any CPU.ActiveCfg = Release|x86
		{03B309CF-CAC1-43FB-9988-4B609B8411FE}.Release|Mixed Platforms.ActiveCfg = Release|x86
		{03B309CF-CAC1-43FB-9988-4B609B8411FE}.Release|Mixed Platforms.Build.0 = Release|x86
		{03B309CF-CAC1-43FB-9988-4B609B8411FE}.Release|x86.ActiveCfg = Release|x86
		{03B309CF-CAC1-43FB-9988-4B609B8411FE}.Release|x86.Build.0 = Release|x86
		{03B309CF-CAC1-43FB-9988-4B609B8411FE}.Windows|Any CPU.ActiveCfg = Release|x86
		{03B309CF-CAC1-43FB-9988-4B609B8411FE}.Windows|Mixed Platforms.ActiveCfg = Release|x86
		{03B309CF-CAC1-43FB-9988-4B609B8411FE}.Windows|Mixed Platforms.Build.0 = Release|x86
		{03B309CF-CAC1-43FB-9988-4B609B8411FE}.Windows|x86.ActiveCfg = Release|x86
		{03B309CF-CAC1-43FB-9988-4B609B8411FE}.Windows|x86.Build.0 = Release|x86
		{03B309CF-CAC1-43FB-9988-4B609B8411FE}.Windows8|Any CPU.ActiveCfg = Release|x86
		{03B309CF-CAC1-43FB-9988-4B609B8411FE}.Windows8|Mixed Platforms.ActiveCfg = Release|x86
		{03B309CF-CAC1-43FB-9988-4B609B8411FE}.Windows8|Mixed Platforms.Build.0 = Release|x86
		{03B309CF-CAC1-43FB-9988-4B609B8411FE}.Windows8|x86.ActiveCfg = Release|x86
		{03B309CF-CAC1-43FB-9988-4B609B8411FE}.Windows8|x86.Build.0 = Release|x86
		{73BD9E0F-2A18-4FAA-B0E9-21B0726B99F3}.Android|Any CPU.ActiveCfg = Release|x86
		{73BD9E0F-2A18-4FAA-B0E9-21B0726B99F3}.Android|Mixed Platforms.ActiveCfg = Release|x86
		{73BD9E0F-2A18-4FAA-B0E9-21B0726B99F3}.Android|Mixed Platforms.Build.0 = Release|x86
		{73BD9E0F-2A18-4FAA-B0E9-21B0726B99F3}.Android|x86.ActiveCfg = Release|x86
		{73BD9E0F-2A18-4FAA-B0E9-21B0726B99F3}.Android|x86.Build.0 = Release|x86
		{73BD9E0F-2A18-4FAA-B0E9-21B0726B99F3}.Debug|Any CPU.ActiveCfg = Debug|x86
		{73BD9E0F-2A18-4FAA-B0E9-21B0726B99F3}.Debug|Mixed Platforms.ActiveCfg = Debug|x86
		{73BD9E0F-2A18-4FAA-B0E9-21B0726B99F3}.Debug|Mixed Platforms.Build.0 = Debug|x86
		{73BD9E0F-2A18-4FAA-B0E9-21B0726B99F3}.Debug|x86.ActiveCfg = Debug|x86
		{73BD9E0F-2A18-4FAA-B0E9-21B0726B99F3}.Debug|x86.Build.0 = Debug|x86
		{73BD9E0F-2A18-4FAA-B0E9-21B0726B99F3}.iOS|Any CPU.ActiveCfg = Release|x86
		{73BD9E0F-2A18-4FAA-B0E9-21B0726B99F3}.iOS|Mixed Platforms.ActiveCfg = Release|x86
		{73BD9E0F-2A18-4FAA-B0E9-21B0726B99F3}.iOS|Mixed Platforms.Build.0 = Release|x86
		{73BD9E0F-2A18-4FAA-B0E9-21B0726B99F3}.iOS|x86.ActiveCfg = Release|x86
		{73BD9E0F-2A18-4FAA-B0E9-21B0726B99F3}.iOS|x86.Build.0 = Release|x86
		{73BD9E0F-2A18-4FAA-B0E9-21B0726B99F3}.Linux|Any CPU.ActiveCfg = Release|x86
		{73BD9E0F-2A18-4FAA-B0E9-21B0726B99F3}.Linux|Mixed Platforms.ActiveCfg = Release|x86
		{73BD9E0F-2A18-4FAA-B0E9-21B0726B99F3}.Linux|Mixed Platforms.Build.0 = Release|x86
		{73BD9E0F-2A18-4FAA-B0E9-21B0726B99F3}.Linux|x86.ActiveCfg = Release|x86
		{73BD9E0F-2A18-4FAA-B0E9-21B0726B99F3}.Linux|x86.Build.0 = Release|x86
		{73BD9E0F-2A18-4FAA-B0E9-21B0726B99F3}.OSX|Any CPU.ActiveCfg = Release|x86
		{73BD9E0F-2A18-4FAA-B0E9-21B0726B99F3}.OSX|Mixed Platforms.ActiveCfg = Release|x86
		{73BD9E0F-2A18-4FAA-B0E9-21B0726B99F3}.OSX|Mixed Platforms.Build.0 = Release|x86
		{73BD9E0F-2A18-4FAA-B0E9-21B0726B99F3}.OSX|x86.ActiveCfg = Release|x86
		{73BD9E0F-2A18-4FAA-B0E9-21B0726B99F3}.OSX|x86.Build.0 = Release|x86
		{73BD9E0F-2A18-4FAA-B0E9-21B0726B99F3}.PSM|Any CPU.ActiveCfg = Release|x86
		{73BD9E0F-2A18-4FAA-B0E9-21B0726B99F3}.PSM|Mixed Platforms.ActiveCfg = Release|x86
		{73BD9E0F-2A18-4FAA-B0E9-21B0726B99F3}.PSM|Mixed Platforms.Build.0 = Release|x86
		{73BD9E0F-2A18-4FAA-B0E9-21B0726B99F3}.PSM|x86.ActiveCfg = Release|x86
		{73BD9E0F-2A18-4FAA-B0E9-21B0726B99F3}.PSM|x86.Build.0 = Release|x86
		{73BD9E0F-2A18-4FAA-B0E9-21B0726B99F3}.Release|Any CPU.ActiveCfg = Release|x86
		{73BD9E0F-2A18-4FAA-B0E9-21B0726B99F3}.Release|Mixed Platforms.ActiveCfg = Release|x86
		{73BD9E0F-2A18-4FAA-B0E9-21B0726B99F3}.Release|Mixed Platforms.Build.0 = Release|x86
		{73BD9E0F-2A18-4FAA-B0E9-21B0726B99F3}.Release|x86.ActiveCfg = Release|x86
		{73BD9E0F-2A18-4FAA-B0E9-21B0726B99F3}.Release|x86.Build.0 = Release|x86
		{73BD9E0F-2A18-4FAA-B0E9-21B0726B99F3}.Windows|Any CPU.ActiveCfg = Release|x86
		{73BD9E0F-2A18-4FAA-B0E9-21B0726B99F3}.Windows|Mixed Platforms.ActiveCfg = Release|x86
		{73BD9E0F-2A18-4FAA-B0E9-21B0726B99F3}.Windows|Mixed Platforms.Build.0 = Release|x86
		{73BD9E0F-2A18-4FAA-B0E9-21B0726B99F3}.Windows|x86.ActiveCfg = Release|x86
		{73BD9E0F-2A18-4FAA-B0E9-21B0726B99F3}.Windows|x86.Build.0 = Release|x86
		{73BD9E0F-2A18-4FAA-B0E9-21B0726B99F3}.Windows8|Any CPU.ActiveCfg = Release|x86
		{73BD9E0F-2A18-4FAA-B0E9-21B0726B99F3}.Windows8|Mixed Platforms.ActiveCfg = Release|x86
		{73BD9E0F-2A18-4FAA-B0E9-21B0726B99F3}.Windows8|Mixed Platforms.Build.0 = Release|x86
		{73BD9E0F-2A18-4FAA-B0E9-21B0726B99F3}.Windows8|x86.ActiveCfg = Release|x86
		{73BD9E0F-2A18-4FAA-B0E9-21B0726B99F3}.Windows8|x86.Build.0 = Release|x86
		{931D6402-E1CC-453C-96F0-1A945955A606}.Android|Any CPU.ActiveCfg = Release|x86
		{931D6402-E1CC-453C-96F0-1A945955A606}.Android|Mixed Platforms.ActiveCfg = Release|x86
		{931D6402-E1CC-453C-96F0-1A945955A606}.Android|Mixed Platforms.Build.0 = Release|x86
		{931D6402-E1CC-453C-96F0-1A945955A606}.Android|x86.ActiveCfg = Release|x86
		{931D6402-E1CC-453C-96F0-1A945955A606}.Android|x86.Build.0 = Release|x86
		{931D6402-E1CC-453C-96F0-1A945955A606}.Debug|Any CPU.ActiveCfg = Debug|x86
		{931D6402-E1CC-453C-96F0-1A945955A606}.Debug|Mixed Platforms.ActiveCfg = Debug|x86
		{931D6402-E1CC-453C-96F0-1A945955A606}.Debug|Mixed Platforms.Build.0 = Debug|x86
		{931D6402-E1CC-453C-96F0-1A945955A606}.Debug|x86.ActiveCfg = Debug|x86
		{931D6402-E1CC-453C-96F0-1A945955A606}.Debug|x86.Build.0 = Debug|x86
		{931D6402-E1CC-453C-96F0-1A945955A606}.iOS|Any CPU.ActiveCfg = Release|x86
		{931D6402-E1CC-453C-96F0-1A945955A606}.iOS|Mixed Platforms.ActiveCfg = Release|x86
		{931D6402-E1CC-453C-96F0-1A945955A606}.iOS|Mixed Platforms.Build.0 = Release|x86
		{931D6402-E1CC-453C-96F0-1A945955A606}.iOS|x86.ActiveCfg = Release|x86
		{931D6402-E1CC-453C-96F0-1A945955A606}.iOS|x86.Build.0 = Release|x86
		{931D6402-E1CC-453C-96F0-1A945955A606}.Linux|Any CPU.ActiveCfg = Release|x86
		{931D6402-E1CC-453C-96F0-1A945955A606}.Linux|Mixed Platforms.ActiveCfg = Release|x86
		{931D6402-E1CC-453C-96F0-1A945955A606}.Linux|Mixed Platforms.Build.0 = Release|x86
		{931D6402-E1CC-453C-96F0-1A945955A606}.Linux|x86.ActiveCfg = Release|x86
		{931D6402-E1CC-453C-96F0-1A945955A606}.Linux|x86.Build.0 = Release|x86
		{931D6402-E1CC-453C-96F0-1A945955A606}.OSX|Any CPU.ActiveCfg = Release|x86
		{931D6402-E1CC-453C-96F0-1A945955A606}.OSX|Mixed Platforms.ActiveCfg = Release|x86
		{931D6402-E1CC-453C-96F0-1A945955A606}.OSX|Mixed Platforms.Build.0 = Release|x86
		{931D6402-E1CC-453C-96F0-1A945955A606}.OSX|x86.ActiveCfg = Release|x86
		{931D6402-E1CC-453C-96F0-1A945955A606}.OSX|x86.Build.0 = Release|x86
		{931D6402-E1CC-453C-96F0-1A945955A606}.PSM|Any CPU.ActiveCfg = Release|x86
		{931D6402-E1CC-453C-96F0-1A945955A606}.PSM|Mixed Platforms.ActiveCfg = Release|x86
		{931D6402-E1CC-453C-96F0-1A945955A606}.PSM|Mixed Platforms.Build.0 = Release|x86
		{931D6402-E1CC-453C-96F0-1A945955A606}.PSM|x86.ActiveCfg = Release|x86
		{931D6402-E1CC-453C-96F0-1A945955A606}.PSM|x86.Build.0 = Release|x86
		{931D6402-E1CC-453C-96F0-1A945955A606}.Release|Any CPU.ActiveCfg = Release|x86
		{931D6402-E1CC-453C-96F0-1A945955A606}.Release|Mixed Platforms.ActiveCfg = Release|x86
		{931D6402-E1CC-453C-96F0-1A945955A606}.Release|Mixed Platforms.Build.0 = Release|x86
		{931D6402-E1CC-453C-96F0-1A945955A606}.Release|x86.ActiveCfg = Release|x86
		{931D6402-E1CC-453C-96F0-1A945955A606}.Release|x86.Build.0 = Release|x86
		{931D6402-E1CC-453C-96F0-1A945955A606}.Windows|Any CPU.ActiveCfg = Release|x86
		{931D6402-E1CC-453C-96F0-1A945955A606}.Windows|Mixed Platforms.ActiveCfg = Release|x86
		{931D6402-E1CC-453C-96F0-1A945955A606}.Windows|Mixed Platforms.Build.0 = Release|x86
		{931D6402-E1CC-453C-96F0-1A945955A606}.Windows|x86.ActiveCfg = Release|x86
		{931D6402-E1CC-453C-96F0-1A945955A606}.Windows|x86.Build.0 = Release|x86
		{931D6402-E1CC-453C-96F0-1A945955A606}.Windows8|Any CPU.ActiveCfg = Release|x86
		{931D6402-E1CC-453C-96F0-1A945955A606}.Windows8|Mixed Platforms.ActiveCfg = Release|x86
		{931D6402-E1CC-453C-96F0-1A945955A606}.Windows8|Mixed Platforms.Build.0 = Release|x86
		{931D6402-E1CC-453C-96F0-1A945955A606}.Windows8|x86.ActiveCfg = Release|x86
		{931D6402-E1CC-453C-96F0-1A945955A606}.Windows8|x86.Build.0 = Release|x86
		{144B1C11-FD11-4876-8D90-6B3A4F07A505}.Android|Any CPU.ActiveCfg = Release|x86
		{144B1C11-FD11-4876-8D90-6B3A4F07A505}.Android|Mixed Platforms.ActiveCfg = Release|x86
		{144B1C11-FD11-4876-8D90-6B3A4F07A505}.Android|Mixed Platforms.Build.0 = Release|x86
		{144B1C11-FD11-4876-8D90-6B3A4F07A505}.Android|x86.ActiveCfg = Release|x86
		{144B1C11-FD11-4876-8D90-6B3A4F07A505}.Android|x86.Build.0 = Release|x86
		{144B1C11-FD11-4876-8D90-6B3A4F07A505}.Debug|Any CPU.ActiveCfg = Debug|x86
		{144B1C11-FD11-4876-8D90-6B3A4F07A505}.Debug|Mixed Platforms.ActiveCfg = Debug|x86
		{144B1C11-FD11-4876-8D90-6B3A4F07A505}.Debug|Mixed Platforms.Build.0 = Debug|x86
		{144B1C11-FD11-4876-8D90-6B3A4F07A505}.Debug|x86.ActiveCfg = Debug|x86
		{144B1C11-FD11-4876-8D90-6B3A4F07A505}.Debug|x86.Build.0 = Debug|x86
		{144B1C11-FD11-4876-8D90-6B3A4F07A505}.iOS|Any CPU.ActiveCfg = Release|x86
		{144B1C11-FD11-4876-8D90-6B3A4F07A505}.iOS|Mixed Platforms.ActiveCfg = Release|x86
		{144B1C11-FD11-4876-8D90-6B3A4F07A505}.iOS|Mixed Platforms.Build.0 = Release|x86
		{144B1C11-FD11-4876-8D90-6B3A4F07A505}.iOS|x86.ActiveCfg = Release|x86
		{144B1C11-FD11-4876-8D90-6B3A4F07A505}.iOS|x86.Build.0 = Release|x86
		{144B1C11-FD11-4876-8D90-6B3A4F07A505}.Linux|Any CPU.ActiveCfg = Release|x86
		{144B1C11-FD11-4876-8D90-6B3A4F07A505}.Linux|Mixed Platforms.ActiveCfg = Release|x86
		{144B1C11-FD11-4876-8D90-6B3A4F07A505}.Linux|Mixed Platforms.Build.0 = Release|x86
		{144B1C11-FD11-4876-8D90-6B3A4F07A505}.Linux|x86.ActiveCfg = Release|x86
		{144B1C11-FD11-4876-8D90-6B3A4F07A505}.Linux|x86.Build.0 = Release|x86
		{144B1C11-FD11-4876-8D90-6B3A4F07A505}.OSX|Any CPU.ActiveCfg = Release|x86
		{144B1C11-FD11-4876-8D90-6B3A4F07A505}.OSX|Mixed Platforms.ActiveCfg = Release|x86
		{144B1C11-FD11-4876-8D90-6B3A4F07A505}.OSX|Mixed Platforms.Build.0 = Release|x86
		{144B1C11-FD11-4876-8D90-6B3A4F07A505}.OSX|x86.ActiveCfg = Release|x86
		{144B1C11-FD11-4876-8D90-6B3A4F07A505}.OSX|x86.Build.0 = Release|x86
		{144B1C11-FD11-4876-8D90-6B3A4F07A505}.PSM|Any CPU.ActiveCfg = Release|x86
		{144B1C11-FD11-4876-8D90-6B3A4F07A505}.PSM|Mixed Platforms.ActiveCfg = Release|x86
		{144B1C11-FD11-4876-8D90-6B3A4F07A505}.PSM|Mixed Platforms.Build.0 = Release|x86
		{144B1C11-FD11-4876-8D90-6B3A4F07A505}.PSM|x86.ActiveCfg = Release|x86
		{144B1C11-FD11-4876-8D90-6B3A4F07A505}.PSM|x86.Build.0 = Release|x86
		{144B1C11-FD11-4876-8D90-6B3A4F07A505}.Release|Any CPU.ActiveCfg = Release|x86
		{144B1C11-FD11-4876-8D90-6B3A4F07A505}.Release|Mixed Platforms.ActiveCfg = Release|x86
		{144B1C11-FD11-4876-8D90-6B3A4F07A505}.Release|Mixed Platforms.Build.0 = Release|x86
		{144B1C11-FD11-4876-8D90-6B3A4F07A505}.Release|x86.ActiveCfg = Release|x86
		{144B1C11-FD11-4876-8D90-6B3A4F07A505}.Release|x86.Build.0 = Release|x86
		{144B1C11-FD11-4876-8D90-6B3A4F07A505}.Windows|Any CPU.ActiveCfg = Release|x86
		{144B1C11-FD11-4876-8D90-6B3A4F07A505}.Windows|Mixed Platforms.ActiveCfg = Release|x86
		{144B1C11-FD11-4876-8D90-6B3A4F07A505}.Windows|Mixed Platforms.Build.0 = Release|x86
		{144B1C11-FD11-4876-8D90-6B3A4F07A505}.Windows|x86.ActiveCfg = Release|x86
		{144B1C11-FD11-4876-8D90-6B3A4F07A505}.Windows|x86.Build.0 = Release|x86
		{144B1C11-FD11-4876-8D90-6B3A4F07A505}.Windows8|Any CPU.ActiveCfg = Release|x86
		{144B1C11-FD11-4876-8D90-6B3A4F07A505}.Windows8|Mixed Platforms.ActiveCfg = Release|x86
		{144B1C11-FD11-4876-8D90-6B3A4F07A505}.Windows8|Mixed Platforms.Build.0 = Release|x86
		{144B1C11-FD11-4876-8D90-6B3A4F07A505}.Windows8|x86.ActiveCfg = Release|x86
		{144B1C11-FD11-4876-8D90-6B3A4F07A505}.Windows8|x86.Build.0 = Release|x86
		{30290CEA-04C5-4BD1-B6DF-698202DE1D6F}.Android|Any CPU.ActiveCfg = Release|x86
		{30290CEA-04C5-4BD1-B6DF-698202DE1D6F}.Android|Mixed Platforms.ActiveCfg = Release|x86
		{30290CEA-04C5-4BD1-B6DF-698202DE1D6F}.Android|Mixed Platforms.Build.0 = Release|x86
		{30290CEA-04C5-4BD1-B6DF-698202DE1D6F}.Android|x86.ActiveCfg = Release|x86
		{30290CEA-04C5-4BD1-B6DF-698202DE1D6F}.Android|x86.Build.0 = Release|x86
		{30290CEA-04C5-4BD1-B6DF-698202DE1D6F}.Debug|Any CPU.ActiveCfg = Debug|x86
		{30290CEA-04C5-4BD1-B6DF-698202DE1D6F}.Debug|Mixed Platforms.ActiveCfg = Debug|x86
		{30290CEA-04C5-4BD1-B6DF-698202DE1D6F}.Debug|Mixed Platforms.Build.0 = Debug|x86
		{30290CEA-04C5-4BD1-B6DF-698202DE1D6F}.Debug|x86.ActiveCfg = Debug|x86
		{30290CEA-04C5-4BD1-B6DF-698202DE1D6F}.Debug|x86.Build.0 = Debug|x86
		{30290CEA-04C5-4BD1-B6DF-698202DE1D6F}.iOS|Any CPU.ActiveCfg = Release|x86
		{30290CEA-04C5-4BD1-B6DF-698202DE1D6F}.iOS|Mixed Platforms.ActiveCfg = Release|x86
		{30290CEA-04C5-4BD1-B6DF-698202DE1D6F}.iOS|Mixed Platforms.Build.0 = Release|x86
		{30290CEA-04C5-4BD1-B6DF-698202DE1D6F}.iOS|x86.ActiveCfg = Release|x86
		{30290CEA-04C5-4BD1-B6DF-698202DE1D6F}.iOS|x86.Build.0 = Release|x86
		{30290CEA-04C5-4BD1-B6DF-698202DE1D6F}.Linux|Any CPU.ActiveCfg = Release|x86
		{30290CEA-04C5-4BD1-B6DF-698202DE1D6F}.Linux|Mixed Platforms.ActiveCfg = Release|x86
		{30290CEA-04C5-4BD1-B6DF-698202DE1D6F}.Linux|Mixed Platforms.Build.0 = Release|x86
		{30290CEA-04C5-4BD1-B6DF-698202DE1D6F}.Linux|x86.ActiveCfg = Release|x86
		{30290CEA-04C5-4BD1-B6DF-698202DE1D6F}.Linux|x86.Build.0 = Release|x86
		{30290CEA-04C5-4BD1-B6DF-698202DE1D6F}.OSX|Any CPU.ActiveCfg = Release|x86
		{30290CEA-04C5-4BD1-B6DF-698202DE1D6F}.OSX|Mixed Platforms.ActiveCfg = Release|x86
		{30290CEA-04C5-4BD1-B6DF-698202DE1D6F}.OSX|Mixed Platforms.Build.0 = Release|x86
		{30290CEA-04C5-4BD1-B6DF-698202DE1D6F}.OSX|x86.ActiveCfg = Release|x86
		{30290CEA-04C5-4BD1-B6DF-698202DE1D6F}.OSX|x86.Build.0 = Release|x86
		{30290CEA-04C5-4BD1-B6DF-698202DE1D6F}.PSM|Any CPU.ActiveCfg = Release|x86
		{30290CEA-04C5-4BD1-B6DF-698202DE1D6F}.PSM|Mixed Platforms.ActiveCfg = Release|x86
		{30290CEA-04C5-4BD1-B6DF-698202DE1D6F}.PSM|Mixed Platforms.Build.0 = Release|x86
		{30290CEA-04C5-4BD1-B6DF-698202DE1D6F}.PSM|x86.ActiveCfg = Release|x86
		{30290CEA-04C5-4BD1-B6DF-698202DE1D6F}.PSM|x86.Build.0 = Release|x86
		{30290CEA-04C5-4BD1-B6DF-698202DE1D6F}.Release|Any CPU.ActiveCfg = Release|x86
		{30290CEA-04C5-4BD1-B6DF-698202DE1D6F}.Release|Mixed Platforms.ActiveCfg = Release|x86
		{30290CEA-04C5-4BD1-B6DF-698202DE1D6F}.Release|Mixed Platforms.Build.0 = Release|x86
		{30290CEA-04C5-4BD1-B6DF-698202DE1D6F}.Release|x86.ActiveCfg = Release|x86
		{30290CEA-04C5-4BD1-B6DF-698202DE1D6F}.Release|x86.Build.0 = Release|x86
		{30290CEA-04C5-4BD1-B6DF-698202DE1D6F}.Windows|Any CPU.ActiveCfg = Release|x86
		{30290CEA-04C5-4BD1-B6DF-698202DE1D6F}.Windows|Mixed Platforms.ActiveCfg = Release|x86
		{30290CEA-04C5-4BD1-B6DF-698202DE1D6F}.Windows|Mixed Platforms.Build.0 = Release|x86
		{30290CEA-04C5-4BD1-B6DF-698202DE1D6F}.Windows|x86.ActiveCfg = Release|x86
		{30290CEA-04C5-4BD1-B6DF-698202DE1D6F}.Windows|x86.Build.0 = Release|x86
		{30290CEA-04C5-4BD1-B6DF-698202DE1D6F}.Windows8|Any CPU.ActiveCfg = Release|x86
		{30290CEA-04C5-4BD1-B6DF-698202DE1D6F}.Windows8|Mixed Platforms.ActiveCfg = Release|x86
		{30290CEA-04C5-4BD1-B6DF-698202DE1D6F}.Windows8|Mixed Platforms.Build.0 = Release|x86
		{30290CEA-04C5-4BD1-B6DF-698202DE1D6F}.Windows8|x86.ActiveCfg = Release|x86
		{30290CEA-04C5-4BD1-B6DF-698202DE1D6F}.Windows8|x86.Build.0 = Release|x86
		{E3382F28-5FA9-4168-AF15-68C5E5AE864A}.Android|Any CPU.ActiveCfg = Release|x86
		{E3382F28-5FA9-4168-AF15-68C5E5AE864A}.Android|Mixed Platforms.ActiveCfg = Release|x86
		{E3382F28-5FA9-4168-AF15-68C5E5AE864A}.Android|Mixed Platforms.Build.0 = Release|x86
		{E3382F28-5FA9-4168-AF15-68C5E5AE864A}.Android|x86.ActiveCfg = Release|x86
		{E3382F28-5FA9-4168-AF15-68C5E5AE864A}.Android|x86.Build.0 = Release|x86
		{E3382F28-5FA9-4168-AF15-68C5E5AE864A}.Debug|Any CPU.ActiveCfg = Debug|x86
		{E3382F28-5FA9-4168-AF15-68C5E5AE864A}.Debug|Mixed Platforms.ActiveCfg = Debug|x86
		{E3382F28-5FA9-4168-AF15-68C5E5AE864A}.Debug|Mixed Platforms.Build.0 = Debug|x86
		{E3382F28-5FA9-4168-AF15-68C5E5AE864A}.Debug|x86.ActiveCfg = Debug|x86
		{E3382F28-5FA9-4168-AF15-68C5E5AE864A}.Debug|x86.Build.0 = Debug|x86
		{E3382F28-5FA9-4168-AF15-68C5E5AE864A}.iOS|Any CPU.ActiveCfg = Release|x86
		{E3382F28-5FA9-4168-AF15-68C5E5AE864A}.iOS|Mixed Platforms.ActiveCfg = Release|x86
		{E3382F28-5FA9-4168-AF15-68C5E5AE864A}.iOS|Mixed Platforms.Build.0 = Release|x86
		{E3382F28-5FA9-4168-AF15-68C5E5AE864A}.iOS|x86.ActiveCfg = Release|x86
		{E3382F28-5FA9-4168-AF15-68C5E5AE864A}.iOS|x86.Build.0 = Release|x86
		{E3382F28-5FA9-4168-AF15-68C5E5AE864A}.Linux|Any CPU.ActiveCfg = Release|x86
		{E3382F28-5FA9-4168-AF15-68C5E5AE864A}.Linux|Mixed Platforms.ActiveCfg = Release|x86
		{E3382F28-5FA9-4168-AF15-68C5E5AE864A}.Linux|Mixed Platforms.Build.0 = Release|x86
		{E3382F28-5FA9-4168-AF15-68C5E5AE864A}.Linux|x86.ActiveCfg = Release|x86
		{E3382F28-5FA9-4168-AF15-68C5E5AE864A}.Linux|x86.Build.0 = Release|x86
		{E3382F28-5FA9-4168-AF15-68C5E5AE864A}.OSX|Any CPU.ActiveCfg = Release|x86
		{E3382F28-5FA9-4168-AF15-68C5E5AE864A}.OSX|Mixed Platforms.ActiveCfg = Release|x86
		{E3382F28-5FA9-4168-AF15-68C5E5AE864A}.OSX|Mixed Platforms.Build.0 = Release|x86
		{E3382F28-5FA9-4168-AF15-68C5E5AE864A}.OSX|x86.ActiveCfg = Release|x86
		{E3382F28-5FA9-4168-AF15-68C5E5AE864A}.OSX|x86.Build.0 = Release|x86
		{E3382F28-5FA9-4168-AF15-68C5E5AE864A}.PSM|Any CPU.ActiveCfg = Release|x86
		{E3382F28-5FA9-4168-AF15-68C5E5AE864A}.PSM|Mixed Platforms.ActiveCfg = Release|x86
		{E3382F28-5FA9-4168-AF15-68C5E5AE864A}.PSM|Mixed Platforms.Build.0 = Release|x86
		{E3382F28-5FA9-4168-AF15-68C5E5AE864A}.PSM|x86.ActiveCfg = Release|x86
		{E3382F28-5FA9-4168-AF15-68C5E5AE864A}.PSM|x86.Build.0 = Release|x86
		{E3382F28-5FA9-4168-AF15-68C5E5AE864A}.Release|Any CPU.ActiveCfg = Release|x86
		{E3382F28-5FA9-4168-AF15-68C5E5AE864A}.Release|Mixed Platforms.ActiveCfg = Release|x86
		{E3382F28-5FA9-4168-AF15-68C5E5AE864A}.Release|Mixed Platforms.Build.0 = Release|x86
		{E3382F28-5FA9-4168-AF15-68C5E5AE864A}.Release|x86.ActiveCfg = Release|x86
		{E3382F28-5FA9-4168-AF15-68C5E5AE864A}.Release|x86.Build.0 = Release|x86
		{E3382F28-5FA9-4168-AF15-68C5E5AE864A}.Windows|Any CPU.ActiveCfg = Release|x86
		{E3382F28-5FA9-4168-AF15-68C5E5AE864A}.Windows|Mixed Platforms.ActiveCfg = Release|x86
		{E3382F28-5FA9-4168-AF15-68C5E5AE864A}.Windows|Mixed Platforms.Build.0 = Release|x86
		{E3382F28-5FA9-4168-AF15-68C5E5AE864A}.Windows|x86.ActiveCfg = Release|x86
		{E3382F28-5FA9-4168-AF15-68C5E5AE864A}.Windows|x86.Build.0 = Release|x86
		{E3382F28-5FA9-4168-AF15-68C5E5AE864A}.Windows8|Any CPU.ActiveCfg = Release|x86
		{E3382F28-5FA9-4168-AF15-68C5E5AE864A}.Windows8|Mixed Platforms.ActiveCfg = Release|x86
		{E3382F28-5FA9-4168-AF15-68C5E5AE864A}.Windows8|Mixed Platforms.Build.0 = Release|x86
		{E3382F28-5FA9-4168-AF15-68C5E5AE864A}.Windows8|x86.ActiveCfg = Release|x86
		{E3382F28-5FA9-4168-AF15-68C5E5AE864A}.Windows8|x86.Build.0 = Release|x86
		{89C024B4-5CDE-45A9-AD0B-84B0FF391130}.Android|Any CPU.ActiveCfg = Release|x86
		{89C024B4-5CDE-45A9-AD0B-84B0FF391130}.Android|Mixed Platforms.ActiveCfg = Release|x86
		{89C024B4-5CDE-45A9-AD0B-84B0FF391130}.Android|Mixed Platforms.Build.0 = Release|x86
		{89C024B4-5CDE-45A9-AD0B-84B0FF391130}.Android|x86.ActiveCfg = Release|x86
		{89C024B4-5CDE-45A9-AD0B-84B0FF391130}.Android|x86.Build.0 = Release|x86
		{89C024B4-5CDE-45A9-AD0B-84B0FF391130}.Debug|Any CPU.ActiveCfg = Debug|x86
		{89C024B4-5CDE-45A9-AD0B-84B0FF391130}.Debug|Mixed Platforms.ActiveCfg = Debug|x86
		{89C024B4-5CDE-45A9-AD0B-84B0FF391130}.Debug|Mixed Platforms.Build.0 = Debug|x86
		{89C024B4-5CDE-45A9-AD0B-84B0FF391130}.Debug|x86.ActiveCfg = Debug|x86
		{89C024B4-5CDE-45A9-AD0B-84B0FF391130}.Debug|x86.Build.0 = Debug|x86
		{89C024B4-5CDE-45A9-AD0B-84B0FF391130}.iOS|Any CPU.ActiveCfg = Release|x86
		{89C024B4-5CDE-45A9-AD0B-84B0FF391130}.iOS|Mixed Platforms.ActiveCfg = Release|x86
		{89C024B4-5CDE-45A9-AD0B-84B0FF391130}.iOS|Mixed Platforms.Build.0 = Release|x86
		{89C024B4-5CDE-45A9-AD0B-84B0FF391130}.iOS|x86.ActiveCfg = Release|x86
		{89C024B4-5CDE-45A9-AD0B-84B0FF391130}.iOS|x86.Build.0 = Release|x86
		{89C024B4-5CDE-45A9-AD0B-84B0FF391130}.Linux|Any CPU.ActiveCfg = Release|x86
		{89C024B4-5CDE-45A9-AD0B-84B0FF391130}.Linux|Mixed Platforms.ActiveCfg = Release|x86
		{89C024B4-5CDE-45A9-AD0B-84B0FF391130}.Linux|Mixed Platforms.Build.0 = Release|x86
		{89C024B4-5CDE-45A9-AD0B-84B0FF391130}.Linux|x86.ActiveCfg = Release|x86
		{89C024B4-5CDE-45A9-AD0B-84B0FF391130}.Linux|x86.Build.0 = Release|x86
		{89C024B4-5CDE-45A9-AD0B-84B0FF391130}.OSX|Any CPU.ActiveCfg = Release|x86
		{89C024B4-5CDE-45A9-AD0B-84B0FF391130}.OSX|Mixed Platforms.ActiveCfg = Release|x86
		{89C024B4-5CDE-45A9-AD0B-84B0FF391130}.OSX|Mixed Platforms.Build.0 = Release|x86
		{89C024B4-5CDE-45A9-AD0B-84B0FF391130}.OSX|x86.ActiveCfg = Release|x86
		{89C024B4-5CDE-45A9-AD0B-84B0FF391130}.OSX|x86.Build.0 = Release|x86
		{89C024B4-5CDE-45A9-AD0B-84B0FF391130}.PSM|Any CPU.ActiveCfg = Release|x86
		{89C024B4-5CDE-45A9-AD0B-84B0FF391130}.PSM|Mixed Platforms.ActiveCfg = Release|x86
		{89C024B4-5CDE-45A9-AD0B-84B0FF391130}.PSM|Mixed Platforms.Build.0 = Release|x86
		{89C024B4-5CDE-45A9-AD0B-84B0FF391130}.PSM|x86.ActiveCfg = Release|x86
		{89C024B4-5CDE-45A9-AD0B-84B0FF391130}.PSM|x86.Build.0 = Release|x86
		{89C024B4-5CDE-45A9-AD0B-84B0FF391130}.Release|Any CPU.ActiveCfg = Release|x86
		{89C024B4-5CDE-45A9-AD0B-84B0FF391130}.Release|Mixed Platforms.ActiveCfg = Release|x86
		{89C024B4-5CDE-45A9-AD0B-84B0FF391130}.Release|Mixed Platforms.Build.0 = Release|x86
		{89C024B4-5CDE-45A9-AD0B-84B0FF391130}.Release|x86.ActiveCfg = Release|x86
		{89C024B4-5CDE-45A9-AD0B-84B0FF391130}.Release|x86.Build.0 = Release|x86
		{89C024B4-5CDE-45A9-AD0B-84B0FF391130}.Windows|Any CPU.ActiveCfg = Release|x86
		{89C024B4-5CDE-45A9-AD0B-84B0FF391130}.Windows|Mixed Platforms.ActiveCfg = Release|x86
		{89C024B4-5CDE-45A9-AD0B-84B0FF391130}.Windows|Mixed Platforms.Build.0 = Release|x86
		{89C024B4-5CDE-45A9-AD0B-84B0FF391130}.Windows|x86.ActiveCfg = Release|x86
		{89C024B4-5CDE-45A9-AD0B-84B0FF391130}.Windows|x86.Build.0 = Release|x86
		{89C024B4-5CDE-45A9-AD0B-84B0FF391130}.Windows8|Any CPU.ActiveCfg = Release|x86
		{89C024B4-5CDE-45A9-AD0B-84B0FF391130}.Windows8|Mixed Platforms.ActiveCfg = Release|x86
		{89C024B4-5CDE-45A9-AD0B-84B0FF391130}.Windows8|Mixed Platforms.Build.0 = Release|x86
		{89C024B4-5CDE-45A9-AD0B-84B0FF391130}.Windows8|x86.ActiveCfg = Release|x86
		{89C024B4-5CDE-45A9-AD0B-84B0FF391130}.Windows8|x86.Build.0 = Release|x86
		{EBA478AB-D55E-4C06-855F-46F377E342E3}.Android|Any CPU.ActiveCfg = Release|x86
		{EBA478AB-D55E-4C06-855F-46F377E342E3}.Android|Mixed Platforms.ActiveCfg = Release|x86
		{EBA478AB-D55E-4C06-855F-46F377E342E3}.Android|Mixed Platforms.Build.0 = Release|x86
		{EBA478AB-D55E-4C06-855F-46F377E342E3}.Android|x86.ActiveCfg = Release|x86
		{EBA478AB-D55E-4C06-855F-46F377E342E3}.Android|x86.Build.0 = Release|x86
		{EBA478AB-D55E-4C06-855F-46F377E342E3}.Debug|Any CPU.ActiveCfg = Debug|x86
		{EBA478AB-D55E-4C06-855F-46F377E342E3}.Debug|Mixed Platforms.ActiveCfg = Debug|x86
		{EBA478AB-D55E-4C06-855F-46F377E342E3}.Debug|Mixed Platforms.Build.0 = Debug|x86
		{EBA478AB-D55E-4C06-855F-46F377E342E3}.Debug|x86.ActiveCfg = Debug|x86
		{EBA478AB-D55E-4C06-855F-46F377E342E3}.Debug|x86.Build.0 = Debug|x86
		{EBA478AB-D55E-4C06-855F-46F377E342E3}.iOS|Any CPU.ActiveCfg = Release|x86
		{EBA478AB-D55E-4C06-855F-46F377E342E3}.iOS|Mixed Platforms.ActiveCfg = Release|x86
		{EBA478AB-D55E-4C06-855F-46F377E342E3}.iOS|Mixed Platforms.Build.0 = Release|x86
		{EBA478AB-D55E-4C06-855F-46F377E342E3}.iOS|x86.ActiveCfg = Release|x86
		{EBA478AB-D55E-4C06-855F-46F377E342E3}.iOS|x86.Build.0 = Release|x86
		{EBA478AB-D55E-4C06-855F-46F377E342E3}.Linux|Any CPU.ActiveCfg = Release|x86
		{EBA478AB-D55E-4C06-855F-46F377E342E3}.Linux|Mixed Platforms.ActiveCfg = Release|x86
		{EBA478AB-D55E-4C06-855F-46F377E342E3}.Linux|Mixed Platforms.Build.0 = Release|x86
		{EBA478AB-D55E-4C06-855F-46F377E342E3}.Linux|x86.ActiveCfg = Release|x86
		{EBA478AB-D55E-4C06-855F-46F377E342E3}.Linux|x86.Build.0 = Release|x86
		{EBA478AB-D55E-4C06-855F-46F377E342E3}.OSX|Any CPU.ActiveCfg = Release|x86
		{EBA478AB-D55E-4C06-855F-46F377E342E3}.OSX|Mixed Platforms.ActiveCfg = Release|x86
		{EBA478AB-D55E-4C06-855F-46F377E342E3}.OSX|Mixed Platforms.Build.0 = Release|x86
		{EBA478AB-D55E-4C06-855F-46F377E342E3}.OSX|x86.ActiveCfg = Release|x86
		{EBA478AB-D55E-4C06-855F-46F377E342E3}.OSX|x86.Build.0 = Release|x86
		{EBA478AB-D55E-4C06-855F-46F377E342E3}.PSM|Any CPU.ActiveCfg = Release|x86
		{EBA478AB-D55E-4C06-855F-46F377E342E3}.PSM|Mixed Platforms.ActiveCfg = Release|x86
		{EBA478AB-D55E-4C06-855F-46F377E342E3}.PSM|Mixed Platforms.Build.0 = Release|x86
		{EBA478AB-D55E-4C06-855F-46F377E342E3}.PSM|x86.ActiveCfg = Release|x86
		{EBA478AB-D55E-4C06-855F-46F377E342E3}.PSM|x86.Build.0 = Release|x86
		{EBA478AB-D55E-4C06-855F-46F377E342E3}.Release|Any CPU.ActiveCfg = Release|x86
		{EBA478AB-D55E-4C06-855F-46F377E342E3}.Release|Mixed Platforms.ActiveCfg = Release|x86
		{EBA478AB-D55E-4C06-855F-46F377E342E3}.Release|Mixed Platforms.Build.0 = Release|x86
		{EBA478AB-D55E-4C06-855F-46F377E342E3}.Release|x86.ActiveCfg = Release|x86
		{EBA478AB-D55E-4C06-855F-46F377E342E3}.Release|x86.Build.0 = Release|x86
		{EBA478AB-D55E-4C06-855F-46F377E342E3}.Windows|Any CPU.ActiveCfg = Release|x86
		{EBA478AB-D55E-4C06-855F-46F377E342E3}.Windows|Mixed Platforms.ActiveCfg = Release|x86
		{EBA478AB-D55E-4C06-855F-46F377E342E3}.Windows|Mixed Platforms.Build.0 = Release|x86
		{EBA478AB-D55E-4C06-855F-46F377E342E3}.Windows|x86.ActiveCfg = Release|x86
		{EBA478AB-D55E-4C06-855F-46F377E342E3}.Windows|x86.Build.0 = Release|x86
		{EBA478AB-D55E-4C06-855F-46F377E342E3}.Windows8|Any CPU.ActiveCfg = Release|x86
		{EBA478AB-D55E-4C06-855F-46F377E342E3}.Windows8|Mixed Platforms.ActiveCfg = Release|x86
		{EBA478AB-D55E-4C06-855F-46F377E342E3}.Windows8|Mixed Platforms.Build.0 = Release|x86
		{EBA478AB-D55E-4C06-855F-46F377E342E3}.Windows8|x86.ActiveCfg = Release|x86
		{EBA478AB-D55E-4C06-855F-46F377E342E3}.Windows8|x86.Build.0 = Release|x86
		{658AA543-333B-4D14-8E27-E99AC9751856}.Android|Any CPU.ActiveCfg = Release|x86
		{658AA543-333B-4D14-8E27-E99AC9751856}.Android|Mixed Platforms.ActiveCfg = Release|x86
		{658AA543-333B-4D14-8E27-E99AC9751856}.Android|Mixed Platforms.Build.0 = Release|x86
		{658AA543-333B-4D14-8E27-E99AC9751856}.Android|x86.ActiveCfg = Release|x86
		{658AA543-333B-4D14-8E27-E99AC9751856}.Android|x86.Build.0 = Release|x86
		{658AA543-333B-4D14-8E27-E99AC9751856}.Debug|Any CPU.ActiveCfg = Debug|x86
		{658AA543-333B-4D14-8E27-E99AC9751856}.Debug|Mixed Platforms.ActiveCfg = Debug|x86
		{658AA543-333B-4D14-8E27-E99AC9751856}.Debug|Mixed Platforms.Build.0 = Debug|x86
		{658AA543-333B-4D14-8E27-E99AC9751856}.Debug|x86.ActiveCfg = Debug|x86
		{658AA543-333B-4D14-8E27-E99AC9751856}.Debug|x86.Build.0 = Debug|x86
		{658AA543-333B-4D14-8E27-E99AC9751856}.iOS|Any CPU.ActiveCfg = Release|x86
		{658AA543-333B-4D14-8E27-E99AC9751856}.iOS|Mixed Platforms.ActiveCfg = Release|x86
		{658AA543-333B-4D14-8E27-E99AC9751856}.iOS|Mixed Platforms.Build.0 = Release|x86
		{658AA543-333B-4D14-8E27-E99AC9751856}.iOS|x86.ActiveCfg = Release|x86
		{658AA543-333B-4D14-8E27-E99AC9751856}.iOS|x86.Build.0 = Release|x86
		{658AA543-333B-4D14-8E27-E99AC9751856}.Linux|Any CPU.ActiveCfg = Release|x86
		{658AA543-333B-4D14-8E27-E99AC9751856}.Linux|Mixed Platforms.ActiveCfg = Release|x86
		{658AA543-333B-4D14-8E27-E99AC9751856}.Linux|Mixed Platforms.Build.0 = Release|x86
		{658AA543-333B-4D14-8E27-E99AC9751856}.Linux|x86.ActiveCfg = Release|x86
		{658AA543-333B-4D14-8E27-E99AC9751856}.Linux|x86.Build.0 = Release|x86
		{658AA543-333B-4D14-8E27-E99AC9751856}.OSX|Any CPU.ActiveCfg = Release|x86
		{658AA543-333B-4D14-8E27-E99AC9751856}.OSX|Mixed Platforms.ActiveCfg = Release|x86
		{658AA543-333B-4D14-8E27-E99AC9751856}.OSX|Mixed Platforms.Build.0 = Release|x86
		{658AA543-333B-4D14-8E27-E99AC9751856}.OSX|x86.ActiveCfg = Release|x86
		{658AA543-333B-4D14-8E27-E99AC9751856}.OSX|x86.Build.0 = Release|x86
		{658AA543-333B-4D14-8E27-E99AC9751856}.PSM|Any CPU.ActiveCfg = Release|x86
		{658AA543-333B-4D14-8E27-E99AC9751856}.PSM|Mixed Platforms.ActiveCfg = Release|x86
		{658AA543-333B-4D14-8E27-E99AC9751856}.PSM|Mixed Platforms.Build.0 = Release|x86
		{658AA543-333B-4D14-8E27-E99AC9751856}.PSM|x86.ActiveCfg = Release|x86
		{658AA543-333B-4D14-8E27-E99AC9751856}.PSM|x86.Build.0 = Release|x86
		{658AA543-333B-4D14-8E27-E99AC9751856}.Release|Any CPU.ActiveCfg = Release|x86
		{658AA543-333B-4D14-8E27-E99AC9751856}.Release|Mixed Platforms.ActiveCfg = Release|x86
		{658AA543-333B-4D14-8E27-E99AC9751856}.Release|Mixed Platforms.Build.0 = Release|x86
		{658AA543-333B-4D14-8E27-E99AC9751856}.Release|x86.ActiveCfg = Release|x86
		{658AA543-333B-4D14-8E27-E99AC9751856}.Release|x86.Build.0 = Release|x86
		{658AA543-333B-4D14-8E27-E99AC9751856}.Windows|Any CPU.ActiveCfg = Release|x86
		{658AA543-333B-4D14-8E27-E99AC9751856}.Windows|Mixed Platforms.ActiveCfg = Release|x86
		{658AA543-333B-4D14-8E27-E99AC9751856}.Windows|Mixed Platforms.Build.0 = Release|x86
		{658AA543-333B-4D14-8E27-E99AC9751856}.Windows|x86.ActiveCfg = Release|x86
		{658AA543-333B-4D14-8E27-E99AC9751856}.Windows|x86.Build.0 = Release|x86
		{658AA543-333B-4D14-8E27-E99AC9751856}.Windows8|Any CPU.ActiveCfg = Release|x86
		{658AA543-333B-4D14-8E27-E99AC9751856}.Windows8|Mixed Platforms.ActiveCfg = Release|x86
		{658AA543-333B-4D14-8E27-E99AC9751856}.Windows8|Mixed Platforms.Build.0 = Release|x86
		{658AA543-333B-4D14-8E27-E99AC9751856}.Windows8|x86.ActiveCfg = Release|x86
		{658AA543-333B-4D14-8E27-E99AC9751856}.Windows8|x86.Build.0 = Release|x86
		{02F5A1FA-6880-4562-89B0-5DBD6A1E10FF}.Android|Any CPU.ActiveCfg = Release|x86
		{02F5A1FA-6880-4562-89B0-5DBD6A1E10FF}.Android|Mixed Platforms.ActiveCfg = Release|x86
		{02F5A1FA-6880-4562-89B0-5DBD6A1E10FF}.Android|Mixed Platforms.Build.0 = Release|x86
		{02F5A1FA-6880-4562-89B0-5DBD6A1E10FF}.Android|x86.ActiveCfg = Release|x86
		{02F5A1FA-6880-4562-89B0-5DBD6A1E10FF}.Android|x86.Build.0 = Release|x86
		{02F5A1FA-6880-4562-89B0-5DBD6A1E10FF}.Debug|Any CPU.ActiveCfg = Debug|x86
		{02F5A1FA-6880-4562-89B0-5DBD6A1E10FF}.Debug|Mixed Platforms.ActiveCfg = Debug|x86
		{02F5A1FA-6880-4562-89B0-5DBD6A1E10FF}.Debug|Mixed Platforms.Build.0 = Debug|x86
		{02F5A1FA-6880-4562-89B0-5DBD6A1E10FF}.Debug|x86.ActiveCfg = Debug|x86
		{02F5A1FA-6880-4562-89B0-5DBD6A1E10FF}.Debug|x86.Build.0 = Debug|x86
		{02F5A1FA-6880-4562-89B0-5DBD6A1E10FF}.iOS|Any CPU.ActiveCfg = Release|x86
		{02F5A1FA-6880-4562-89B0-5DBD6A1E10FF}.iOS|Mixed Platforms.ActiveCfg = Release|x86
		{02F5A1FA-6880-4562-89B0-5DBD6A1E10FF}.iOS|Mixed Platforms.Build.0 = Release|x86
		{02F5A1FA-6880-4562-89B0-5DBD6A1E10FF}.iOS|x86.ActiveCfg = Release|x86
		{02F5A1FA-6880-4562-89B0-5DBD6A1E10FF}.iOS|x86.Build.0 = Release|x86
		{02F5A1FA-6880-4562-89B0-5DBD6A1E10FF}.Linux|Any CPU.ActiveCfg = Release|x86
		{02F5A1FA-6880-4562-89B0-5DBD6A1E10FF}.Linux|Mixed Platforms.ActiveCfg = Release|x86
		{02F5A1FA-6880-4562-89B0-5DBD6A1E10FF}.Linux|Mixed Platforms.Build.0 = Release|x86
		{02F5A1FA-6880-4562-89B0-5DBD6A1E10FF}.Linux|x86.ActiveCfg = Release|x86
		{02F5A1FA-6880-4562-89B0-5DBD6A1E10FF}.Linux|x86.Build.0 = Release|x86
		{02F5A1FA-6880-4562-89B0-5DBD6A1E10FF}.OSX|Any CPU.ActiveCfg = Release|x86
		{02F5A1FA-6880-4562-89B0-5DBD6A1E10FF}.OSX|Mixed Platforms.ActiveCfg = Release|x86
		{02F5A1FA-6880-4562-89B0-5DBD6A1E10FF}.OSX|Mixed Platforms.Build.0 = Release|x86
		{02F5A1FA-6880-4562-89B0-5DBD6A1E10FF}.OSX|x86.ActiveCfg = Release|x86
		{02F5A1FA-6880-4562-89B0-5DBD6A1E10FF}.OSX|x86.Build.0 = Release|x86
		{02F5A1FA-6880-4562-89B0-5DBD6A1E10FF}.PSM|Any CPU.ActiveCfg = Release|x86
		{02F5A1FA-6880-4562-89B0-5DBD6A1E10FF}.PSM|Mixed Platforms.ActiveCfg = Release|x86
		{02F5A1FA-6880-4562-89B0-5DBD6A1E10FF}.PSM|Mixed Platforms.Build.0 = Release|x86
		{02F5A1FA-6880-4562-89B0-5DBD6A1E10FF}.PSM|x86.ActiveCfg = Release|x86
		{02F5A1FA-6880-4562-89B0-5DBD6A1E10FF}.PSM|x86.Build.0 = Release|x86
		{02F5A1FA-6880-4562-89B0-5DBD6A1E10FF}.Release|Any CPU.ActiveCfg = Release|x86
		{02F5A1FA-6880-4562-89B0-5DBD6A1E10FF}.Release|Mixed Platforms.ActiveCfg = Release|x86
		{02F5A1FA-6880-4562-89B0-5DBD6A1E10FF}.Release|Mixed Platforms.Build.0 = Release|x86
		{02F5A1FA-6880-4562-89B0-5DBD6A1E10FF}.Release|x86.ActiveCfg = Release|x86
		{02F5A1FA-6880-4562-89B0-5DBD6A1E10FF}.Release|x86.Build.0 = Release|x86
		{02F5A1FA-6880-4562-89B0-5DBD6A1E10FF}.Windows|Any CPU.ActiveCfg = Release|x86
		{02F5A1FA-6880-4562-89B0-5DBD6A1E10FF}.Windows|Mixed Platforms.ActiveCfg = Release|x86
		{02F5A1FA-6880-4562-89B0-5DBD6A1E10FF}.Windows|Mixed Platforms.Build.0 = Release|x86
		{02F5A1FA-6880-4562-89B0-5DBD6A1E10FF}.Windows|x86.ActiveCfg = Release|x86
		{02F5A1FA-6880-4562-89B0-5DBD6A1E10FF}.Windows|x86.Build.0 = Release|x86
		{02F5A1FA-6880-4562-89B0-5DBD6A1E10FF}.Windows8|Any CPU.ActiveCfg = Release|x86
		{02F5A1FA-6880-4562-89B0-5DBD6A1E10FF}.Windows8|Mixed Platforms.ActiveCfg = Release|x86
		{02F5A1FA-6880-4562-89B0-5DBD6A1E10FF}.Windows8|Mixed Platforms.Build.0 = Release|x86
		{02F5A1FA-6880-4562-89B0-5DBD6A1E10FF}.Windows8|x86.ActiveCfg = Release|x86
		{02F5A1FA-6880-4562-89B0-5DBD6A1E10FF}.Windows8|x86.Build.0 = Release|x86
		{59FC16D0-5BCA-430B-819E-DB2263CB20E9}.Android|Any CPU.ActiveCfg = Release|x86
		{59FC16D0-5BCA-430B-819E-DB2263CB20E9}.Android|Mixed Platforms.ActiveCfg = Release|x86
		{59FC16D0-5BCA-430B-819E-DB2263CB20E9}.Android|Mixed Platforms.Build.0 = Release|x86
		{59FC16D0-5BCA-430B-819E-DB2263CB20E9}.Android|x86.ActiveCfg = Release|x86
		{59FC16D0-5BCA-430B-819E-DB2263CB20E9}.Android|x86.Build.0 = Release|x86
		{59FC16D0-5BCA-430B-819E-DB2263CB20E9}.Debug|Any CPU.ActiveCfg = Debug|x86
		{59FC16D0-5BCA-430B-819E-DB2263CB20E9}.Debug|Mixed Platforms.ActiveCfg = Debug|x86
		{59FC16D0-5BCA-430B-819E-DB2263CB20E9}.Debug|Mixed Platforms.Build.0 = Debug|x86
		{59FC16D0-5BCA-430B-819E-DB2263CB20E9}.Debug|x86.ActiveCfg = Debug|x86
		{59FC16D0-5BCA-430B-819E-DB2263CB20E9}.Debug|x86.Build.0 = Debug|x86
		{59FC16D0-5BCA-430B-819E-DB2263CB20E9}.iOS|Any CPU.ActiveCfg = Release|x86
		{59FC16D0-5BCA-430B-819E-DB2263CB20E9}.iOS|Mixed Platforms.ActiveCfg = Release|x86
		{59FC16D0-5BCA-430B-819E-DB2263CB20E9}.iOS|Mixed Platforms.Build.0 = Release|x86
		{59FC16D0-5BCA-430B-819E-DB2263CB20E9}.iOS|x86.ActiveCfg = Release|x86
		{59FC16D0-5BCA-430B-819E-DB2263CB20E9}.iOS|x86.Build.0 = Release|x86
		{59FC16D0-5BCA-430B-819E-DB2263CB20E9}.Linux|Any CPU.ActiveCfg = Release|x86
		{59FC16D0-5BCA-430B-819E-DB2263CB20E9}.Linux|Mixed Platforms.ActiveCfg = Release|x86
		{59FC16D0-5BCA-430B-819E-DB2263CB20E9}.Linux|Mixed Platforms.Build.0 = Release|x86
		{59FC16D0-5BCA-430B-819E-DB2263CB20E9}.Linux|x86.ActiveCfg = Release|x86
		{59FC16D0-5BCA-430B-819E-DB2263CB20E9}.Linux|x86.Build.0 = Release|x86
		{59FC16D0-5BCA-430B-819E-DB2263CB20E9}.OSX|Any CPU.ActiveCfg = Release|x86
		{59FC16D0-5BCA-430B-819E-DB2263CB20E9}.OSX|Mixed Platforms.ActiveCfg = Release|x86
		{59FC16D0-5BCA-430B-819E-DB2263CB20E9}.OSX|Mixed Platforms.Build.0 = Release|x86
		{59FC16D0-5BCA-430B-819E-DB2263CB20E9}.OSX|x86.ActiveCfg = Release|x86
		{59FC16D0-5BCA-430B-819E-DB2263CB20E9}.OSX|x86.Build.0 = Release|x86
		{59FC16D0-5BCA-430B-819E-DB2263CB20E9}.PSM|Any CPU.ActiveCfg = Release|x86
		{59FC16D0-5BCA-430B-819E-DB2263CB20E9}.PSM|Mixed Platforms.ActiveCfg = Release|x86
		{59FC16D0-5BCA-430B-819E-DB2263CB20E9}.PSM|Mixed Platforms.Build.0 = Release|x86
		{59FC16D0-5BCA-430B-819E-DB2263CB20E9}.PSM|x86.ActiveCfg = Release|x86
		{59FC16D0-5BCA-430B-819E-DB2263CB20E9}.PSM|x86.Build.0 = Release|x86
		{59FC16D0-5BCA-430B-819E-DB2263CB20E9}.Release|Any CPU.ActiveCfg = Release|x86
		{59FC16D0-5BCA-430B-819E-DB2263CB20E9}.Release|Mixed Platforms.ActiveCfg = Release|x86
		{59FC16D0-5BCA-430B-819E-DB2263CB20E9}.Release|Mixed Platforms.Build.0 = Release|x86
		{59FC16D0-5BCA-430B-819E-DB2263CB20E9}.Release|x86.ActiveCfg = Release|x86
		{59FC16D0-5BCA-430B-819E-DB2263CB20E9}.Release|x86.Build.0 = Release|x86
		{59FC16D0-5BCA-430B-819E-DB2263CB20E9}.Windows|Any CPU.ActiveCfg = Release|x86
		{59FC16D0-5BCA-430B-819E-DB2263CB20E9}.Windows|Mixed Platforms.ActiveCfg = Release|x86
		{59FC16D0-5BCA-430B-819E-DB2263CB20E9}.Windows|Mixed Platforms.Build.0 = Release|x86
		{59FC16D0-5BCA-430B-819E-DB2263CB20E9}.Windows|x86.ActiveCfg = Release|x86
		{59FC16D0-5BCA-430B-819E-DB2263CB20E9}.Windows|x86.Build.0 = Release|x86
		{59FC16D0-5BCA-430B-819E-DB2263CB20E9}.Windows8|Any CPU.ActiveCfg = Release|x86
		{59FC16D0-5BCA-430B-819E-DB2263CB20E9}.Windows8|Mixed Platforms.ActiveCfg = Release|x86
		{59FC16D0-5BCA-430B-819E-DB2263CB20E9}.Windows8|Mixed Platforms.Build.0 = Release|x86
		{59FC16D0-5BCA-430B-819E-DB2263CB20E9}.Windows8|x86.ActiveCfg = Release|x86
		{59FC16D0-5BCA-430B-819E-DB2263CB20E9}.Windows8|x86.Build.0 = Release|x86
		{F0AE3D54-E438-4A7C-8F4C-91E2A0058BAB}.Android|Any CPU.ActiveCfg = Release|x86
		{F0AE3D54-E438-4A7C-8F4C-91E2A0058BAB}.Android|Mixed Platforms.ActiveCfg = Release|x86
		{F0AE3D54-E438-4A7C-8F4C-91E2A0058BAB}.Android|Mixed Platforms.Build.0 = Release|x86
		{F0AE3D54-E438-4A7C-8F4C-91E2A0058BAB}.Android|x86.ActiveCfg = Release|x86
		{F0AE3D54-E438-4A7C-8F4C-91E2A0058BAB}.Android|x86.Build.0 = Release|x86
		{F0AE3D54-E438-4A7C-8F4C-91E2A0058BAB}.Debug|Any CPU.ActiveCfg = Debug|x86
		{F0AE3D54-E438-4A7C-8F4C-91E2A0058BAB}.Debug|Mixed Platforms.ActiveCfg = Debug|x86
		{F0AE3D54-E438-4A7C-8F4C-91E2A0058BAB}.Debug|Mixed Platforms.Build.0 = Debug|x86
		{F0AE3D54-E438-4A7C-8F4C-91E2A0058BAB}.Debug|x86.ActiveCfg = Debug|x86
		{F0AE3D54-E438-4A7C-8F4C-91E2A0058BAB}.Debug|x86.Build.0 = Debug|x86
		{F0AE3D54-E438-4A7C-8F4C-91E2A0058BAB}.iOS|Any CPU.ActiveCfg = Release|x86
		{F0AE3D54-E438-4A7C-8F4C-91E2A0058BAB}.iOS|Mixed Platforms.ActiveCfg = Release|x86
		{F0AE3D54-E438-4A7C-8F4C-91E2A0058BAB}.iOS|Mixed Platforms.Build.0 = Release|x86
		{F0AE3D54-E438-4A7C-8F4C-91E2A0058BAB}.iOS|x86.ActiveCfg = Release|x86
		{F0AE3D54-E438-4A7C-8F4C-91E2A0058BAB}.iOS|x86.Build.0 = Release|x86
		{F0AE3D54-E438-4A7C-8F4C-91E2A0058BAB}.Linux|Any CPU.ActiveCfg = Release|x86
		{F0AE3D54-E438-4A7C-8F4C-91E2A0058BAB}.Linux|Mixed Platforms.ActiveCfg = Release|x86
		{F0AE3D54-E438-4A7C-8F4C-91E2A0058BAB}.Linux|Mixed Platforms.Build.0 = Release|x86
		{F0AE3D54-E438-4A7C-8F4C-91E2A0058BAB}.Linux|x86.ActiveCfg = Release|x86
		{F0AE3D54-E438-4A7C-8F4C-91E2A0058BAB}.Linux|x86.Build.0 = Release|x86
		{F0AE3D54-E438-4A7C-8F4C-91E2A0058BAB}.OSX|Any CPU.ActiveCfg = Release|x86
		{F0AE3D54-E438-4A7C-8F4C-91E2A0058BAB}.OSX|Mixed Platforms.ActiveCfg = Release|x86
		{F0AE3D54-E438-4A7C-8F4C-91E2A0058BAB}.OSX|Mixed Platforms.Build.0 = Release|x86
		{F0AE3D54-E438-4A7C-8F4C-91E2A0058BAB}.OSX|x86.ActiveCfg = Release|x86
		{F0AE3D54-E438-4A7C-8F4C-91E2A0058BAB}.OSX|x86.Build.0 = Release|x86
		{F0AE3D54-E438-4A7C-8F4C-91E2A0058BAB}.PSM|Any CPU.ActiveCfg = Release|x86
		{F0AE3D54-E438-4A7C-8F4C-91E2A0058BAB}.PSM|Mixed Platforms.ActiveCfg = Release|x86
		{F0AE3D54-E438-4A7C-8F4C-91E2A0058BAB}.PSM|Mixed Platforms.Build.0 = Release|x86
		{F0AE3D54-E438-4A7C-8F4C-91E2A0058BAB}.PSM|x86.ActiveCfg = Release|x86
		{F0AE3D54-E438-4A7C-8F4C-91E2A0058BAB}.PSM|x86.Build.0 = Release|x86
		{F0AE3D54-E438-4A7C-8F4C-91E2A0058BAB}.Release|Any CPU.ActiveCfg = Release|x86
		{F0AE3D54-E438-4A7C-8F4C-91E2A0058BAB}.Release|Mixed Platforms.ActiveCfg = Release|x86
		{F0AE3D54-E438-4A7C-8F4C-91E2A0058BAB}.Release|Mixed Platforms.Build.0 = Release|x86
		{F0AE3D54-E438-4A7C-8F4C-91E2A0058BAB}.Release|x86.ActiveCfg = Release|x86
		{F0AE3D54-E438-4A7C-8F4C-91E2A0058BAB}.Release|x86.Build.0 = Release|x86
		{F0AE3D54-E438-4A7C-8F4C-91E2A0058BAB}.Windows|Any CPU.ActiveCfg = Release|x86
		{F0AE3D54-E438-4A7C-8F4C-91E2A0058BAB}.Windows|Mixed Platforms.ActiveCfg = Release|x86
		{F0AE3D54-E438-4A7C-8F4C-91E2A0058BAB}.Windows|Mixed Platforms.Build.0 = Release|x86
		{F0AE3D54-E438-4A7C-8F4C-91E2A0058BAB}.Windows|x86.ActiveCfg = Release|x86
		{F0AE3D54-E438-4A7C-8F4C-91E2A0058BAB}.Windows|x86.Build.0 = Release|x86
		{F0AE3D54-E438-4A7C-8F4C-91E2A0058BAB}.Windows8|Any CPU.ActiveCfg = Release|x86
		{F0AE3D54-E438-4A7C-8F4C-91E2A0058BAB}.Windows8|Mixed Platforms.ActiveCfg = Release|x86
		{F0AE3D54-E438-4A7C-8F4C-91E2A0058BAB}.Windows8|Mixed Platforms.Build.0 = Release|x86
		{F0AE3D54-E438-4A7C-8F4C-91E2A0058BAB}.Windows8|x86.ActiveCfg = Release|x86
		{F0AE3D54-E438-4A7C-8F4C-91E2A0058BAB}.Windows8|x86.Build.0 = Release|x86
		{0F38BF70-51B0-4F4D-8C53-F6CD443B05B9}.Android|Any CPU.ActiveCfg = Release|x86
		{0F38BF70-51B0-4F4D-8C53-F6CD443B05B9}.Android|Mixed Platforms.ActiveCfg = Release|x86
		{0F38BF70-51B0-4F4D-8C53-F6CD443B05B9}.Android|Mixed Platforms.Build.0 = Release|x86
		{0F38BF70-51B0-4F4D-8C53-F6CD443B05B9}.Android|x86.ActiveCfg = Release|x86
		{0F38BF70-51B0-4F4D-8C53-F6CD443B05B9}.Android|x86.Build.0 = Release|x86
		{0F38BF70-51B0-4F4D-8C53-F6CD443B05B9}.Debug|Any CPU.ActiveCfg = Debug|x86
		{0F38BF70-51B0-4F4D-8C53-F6CD443B05B9}.Debug|Mixed Platforms.ActiveCfg = Debug|x86
		{0F38BF70-51B0-4F4D-8C53-F6CD443B05B9}.Debug|Mixed Platforms.Build.0 = Debug|x86
		{0F38BF70-51B0-4F4D-8C53-F6CD443B05B9}.Debug|x86.ActiveCfg = Debug|x86
		{0F38BF70-51B0-4F4D-8C53-F6CD443B05B9}.Debug|x86.Build.0 = Debug|x86
		{0F38BF70-51B0-4F4D-8C53-F6CD443B05B9}.iOS|Any CPU.ActiveCfg = Release|x86
		{0F38BF70-51B0-4F4D-8C53-F6CD443B05B9}.iOS|Mixed Platforms.ActiveCfg = Release|x86
		{0F38BF70-51B0-4F4D-8C53-F6CD443B05B9}.iOS|Mixed Platforms.Build.0 = Release|x86
		{0F38BF70-51B0-4F4D-8C53-F6CD443B05B9}.iOS|x86.ActiveCfg = Release|x86
		{0F38BF70-51B0-4F4D-8C53-F6CD443B05B9}.iOS|x86.Build.0 = Release|x86
		{0F38BF70-51B0-4F4D-8C53-F6CD443B05B9}.Linux|Any CPU.ActiveCfg = Release|x86
		{0F38BF70-51B0-4F4D-8C53-F6CD443B05B9}.Linux|Mixed Platforms.ActiveCfg = Release|x86
		{0F38BF70-51B0-4F4D-8C53-F6CD443B05B9}.Linux|Mixed Platforms.Build.0 = Release|x86
		{0F38BF70-51B0-4F4D-8C53-F6CD443B05B9}.Linux|x86.ActiveCfg = Release|x86
		{0F38BF70-51B0-4F4D-8C53-F6CD443B05B9}.Linux|x86.Build.0 = Release|x86
		{0F38BF70-51B0-4F4D-8C53-F6CD443B05B9}.OSX|Any CPU.ActiveCfg = Release|x86
		{0F38BF70-51B0-4F4D-8C53-F6CD443B05B9}.OSX|Mixed Platforms.ActiveCfg = Release|x86
		{0F38BF70-51B0-4F4D-8C53-F6CD443B05B9}.OSX|Mixed Platforms.Build.0 = Release|x86
		{0F38BF70-51B0-4F4D-8C53-F6CD443B05B9}.OSX|x86.ActiveCfg = Release|x86
		{0F38BF70-51B0-4F4D-8C53-F6CD443B05B9}.OSX|x86.Build.0 = Release|x86
		{0F38BF70-51B0-4F4D-8C53-F6CD443B05B9}.PSM|Any CPU.ActiveCfg = Release|x86
		{0F38BF70-51B0-4F4D-8C53-F6CD443B05B9}.PSM|Mixed Platforms.ActiveCfg = Release|x86
		{0F38BF70-51B0-4F4D-8C53-F6CD443B05B9}.PSM|Mixed Platforms.Build.0 = Release|x86
		{0F38BF70-51B0-4F4D-8C53-F6CD443B05B9}.PSM|x86.ActiveCfg = Release|x86
		{0F38BF70-51B0-4F4D-8C53-F6CD443B05B9}.PSM|x86.Build.0 = Release|x86
		{0F38BF70-51B0-4F4D-8C53-F6CD443B05B9}.Release|Any CPU.ActiveCfg = Release|x86
		{0F38BF70-51B0-4F4D-8C53-F6CD443B05B9}.Release|Mixed Platforms.ActiveCfg = Release|x86
		{0F38BF70-51B0-4F4D-8C53-F6CD443B05B9}.Release|Mixed Platforms.Build.0 = Release|x86
		{0F38BF70-51B0-4F4D-8C53-F6CD443B05B9}.Release|x86.ActiveCfg = Release|x86
		{0F38BF70-51B0-4F4D-8C53-F6CD443B05B9}.Release|x86.Build.0 = Release|x86
		{0F38BF70-51B0-4F4D-8C53-F6CD443B05B9}.Windows|Any CPU.ActiveCfg = Release|x86
		{0F38BF70-51B0-4F4D-8C53-F6CD443B05B9}.Windows|Mixed Platforms.ActiveCfg = Release|x86
		{0F38BF70-51B0-4F4D-8C53-F6CD443B05B9}.Windows|Mixed Platforms.Build.0 = Release|x86
		{0F38BF70-51B0-4F4D-8C53-F6CD443B05B9}.Windows|x86.ActiveCfg = Release|x86
		{0F38BF70-51B0-4F4D-8C53-F6CD443B05B9}.Windows|x86.Build.0 = Release|x86
		{0F38BF70-51B0-4F4D-8C53-F6CD443B05B9}.Windows8|Any CPU.ActiveCfg = Release|x86
		{0F38BF70-51B0-4F4D-8C53-F6CD443B05B9}.Windows8|Mixed Platforms.ActiveCfg = Release|x86
		{0F38BF70-51B0-4F4D-8C53-F6CD443B05B9}.Windows8|Mixed Platforms.Build.0 = Release|x86
		{0F38BF70-51B0-4F4D-8C53-F6CD443B05B9}.Windows8|x86.ActiveCfg = Release|x86
		{0F38BF70-51B0-4F4D-8C53-F6CD443B05B9}.Windows8|x86.Build.0 = Release|x86
	EndGlobalSection
	GlobalSection(SolutionProperties) = preSolution
		HideSolutionNode = FALSE
	EndGlobalSection
EndGlobal
